// !$*UTF8*$!
{
	archiveVersion = 1;
	classes = {
	};
	objectVersion = 46;
	objects = {

/* Begin PBXBuildFile section */
		1507EF391BA20C7900D256C3 /* RefreshCatalogue.xcdatamodeld in Sources */ = {isa = PBXBuildFile; fileRef = 1507EF371BA20C7900D256C3 /* RefreshCatalogue.xcdatamodeld */; };
		1507EF3B1BA20C8B00D256C3 /* CoreData.framework in Frameworks */ = {isa = PBXBuildFile; fileRef = 1507EF3A1BA20C8B00D256C3 /* CoreData.framework */; };
		15467BEE1B6C91D0001AFEDE /* main.m in Sources */ = {isa = PBXBuildFile; fileRef = 15467BED1B6C91D0001AFEDE /* main.m */; };
		15467BF11B6C91D0001AFEDE /* RIAppDelegate.m in Sources */ = {isa = PBXBuildFile; fileRef = 15467BF01B6C91D0001AFEDE /* RIAppDelegate.m */; };
		15467BF41B6C91D0001AFEDE /* RICatalogueViewController.m in Sources */ = {isa = PBXBuildFile; fileRef = 15467BF31B6C91D0001AFEDE /* RICatalogueViewController.m */; };
		15467BF71B6C91D0001AFEDE /* Main.storyboard in Resources */ = {isa = PBXBuildFile; fileRef = 15467BF51B6C91D0001AFEDE /* Main.storyboard */; };
		15467BF91B6C91D0001AFEDE /* Images.xcassets in Resources */ = {isa = PBXBuildFile; fileRef = 15467BF81B6C91D0001AFEDE /* Images.xcassets */; };
		15467BFC1B6C91D0001AFEDE /* LaunchScreen.xib in Resources */ = {isa = PBXBuildFile; fileRef = 15467BFA1B6C91D0001AFEDE /* LaunchScreen.xib */; };
		15467C081B6C91D0001AFEDE /* RefreshCatalogueTests.m in Sources */ = {isa = PBXBuildFile; fileRef = 15467C071B6C91D0001AFEDE /* RefreshCatalogueTests.m */; };
		15467C171B6C929D001AFEDE /* RIViewController.m in Sources */ = {isa = PBXBuildFile; fileRef = 15467C161B6C929D001AFEDE /* RIViewController.m */; };
		15467C841B6C942C001AFEDE /* FAKFontAwesome.m in Sources */ = {isa = PBXBuildFile; fileRef = 15467C2E1B6C942C001AFEDE /* FAKFontAwesome.m */; };
		15467C851B6C942C001AFEDE /* FAKFoundationIcons.m in Sources */ = {isa = PBXBuildFile; fileRef = 15467C301B6C942C001AFEDE /* FAKFoundationIcons.m */; };
		15467C861B6C942C001AFEDE /* FAKIcon.m in Sources */ = {isa = PBXBuildFile; fileRef = 15467C321B6C942C001AFEDE /* FAKIcon.m */; };
		15467C871B6C942C001AFEDE /* FAKIonIcons.m in Sources */ = {isa = PBXBuildFile; fileRef = 15467C341B6C942C001AFEDE /* FAKIonIcons.m */; };
		15467C881B6C942C001AFEDE /* FAKZocial.m in Sources */ = {isa = PBXBuildFile; fileRef = 15467C361B6C942C001AFEDE /* FAKZocial.m */; };
		15467C891B6C942C001AFEDE /* FontAwesome.otf in Resources */ = {isa = PBXBuildFile; fileRef = 15467C371B6C942C001AFEDE /* FontAwesome.otf */; };
		15467C8A1B6C942C001AFEDE /* foundation-icons.ttf in Resources */ = {isa = PBXBuildFile; fileRef = 15467C391B6C942C001AFEDE /* foundation-icons.ttf */; };
		15467C8B1B6C942C001AFEDE /* ionicons.ttf in Resources */ = {isa = PBXBuildFile; fileRef = 15467C3A1B6C942C001AFEDE /* ionicons.ttf */; };
		15467C8C1B6C942C001AFEDE /* zocial-regular-webfont.ttf in Resources */ = {isa = PBXBuildFile; fileRef = 15467C3B1B6C942C001AFEDE /* zocial-regular-webfont.ttf */; };
		15467CB91B6C9479001AFEDE /* RIMenuViewController.m in Sources */ = {isa = PBXBuildFile; fileRef = 15467CB81B6C9479001AFEDE /* RIMenuViewController.m */; };
		15467CBC1B6C955A001AFEDE /* RICollectionViewController.m in Sources */ = {isa = PBXBuildFile; fileRef = 15467CBB1B6C955A001AFEDE /* RICollectionViewController.m */; };
		15467CC11B6C9639001AFEDE /* SecondScreen.storyboard in Resources */ = {isa = PBXBuildFile; fileRef = 15467CC01B6C9639001AFEDE /* SecondScreen.storyboard */; };
		15467CC41B6C9666001AFEDE /* RISecondScreenViewController.m in Sources */ = {isa = PBXBuildFile; fileRef = 15467CC31B6C9666001AFEDE /* RISecondScreenViewController.m */; };
		15467CC81B6C96B7001AFEDE /* RIItemViewController.m in Sources */ = {isa = PBXBuildFile; fileRef = 15467CC71B6C96B7001AFEDE /* RIItemViewController.m */; };
		15467CDB1B6C9A0D001AFEDE /* SlideNavigationContorllerAnimatorFade.m in Sources */ = {isa = PBXBuildFile; fileRef = 15467CCD1B6C9A0D001AFEDE /* SlideNavigationContorllerAnimatorFade.m */; };
		15467CDC1B6C9A0D001AFEDE /* SlideNavigationContorllerAnimatorScale.m in Sources */ = {isa = PBXBuildFile; fileRef = 15467CCF1B6C9A0D001AFEDE /* SlideNavigationContorllerAnimatorScale.m */; };
		15467CDD1B6C9A0D001AFEDE /* SlideNavigationContorllerAnimatorScaleAndFade.m in Sources */ = {isa = PBXBuildFile; fileRef = 15467CD11B6C9A0D001AFEDE /* SlideNavigationContorllerAnimatorScaleAndFade.m */; };
		15467CDE1B6C9A0D001AFEDE /* SlideNavigationContorllerAnimatorSlide.m in Sources */ = {isa = PBXBuildFile; fileRef = 15467CD31B6C9A0D001AFEDE /* SlideNavigationContorllerAnimatorSlide.m */; };
		15467CDF1B6C9A0D001AFEDE /* SlideNavigationContorllerAnimatorSlideAndFade.m in Sources */ = {isa = PBXBuildFile; fileRef = 15467CD51B6C9A0D001AFEDE /* SlideNavigationContorllerAnimatorSlideAndFade.m */; };
		15467CE01B6C9A0D001AFEDE /* menu-button.png in Resources */ = {isa = PBXBuildFile; fileRef = 15467CD71B6C9A0D001AFEDE /* menu-button.png */; };
		15467CE11B6C9A0D001AFEDE /* menu-button@2x.png in Resources */ = {isa = PBXBuildFile; fileRef = 15467CD81B6C9A0D001AFEDE /* menu-button@2x.png */; };
		15467CE21B6C9A0D001AFEDE /* SlideNavigationController.m in Sources */ = {isa = PBXBuildFile; fileRef = 15467CDA1B6C9A0D001AFEDE /* SlideNavigationController.m */; };
		15467CE61B6C9B09001AFEDE /* RICollectionViewCell.m in Sources */ = {isa = PBXBuildFile; fileRef = 15467CE51B6C9B09001AFEDE /* RICollectionViewCell.m */; };
		15467CEB1B6C9B35001AFEDE /* RICatalogueCollectionViewCell.m in Sources */ = {isa = PBXBuildFile; fileRef = 15467CEA1B6C9B35001AFEDE /* RICatalogueCollectionViewCell.m */; };
		15467CF11B6CDCFA001AFEDE /* UIColor+Tools.m in Sources */ = {isa = PBXBuildFile; fileRef = 15467CEE1B6CDCFA001AFEDE /* UIColor+Tools.m */; };
		15467CF21B6CDCFA001AFEDE /* UIImage+Tools.m in Sources */ = {isa = PBXBuildFile; fileRef = 15467CF01B6CDCFA001AFEDE /* UIImage+Tools.m */; };
		15467CF71B6D3D3D001AFEDE /* RICatalogueCollectionViewLayout.m in Sources */ = {isa = PBXBuildFile; fileRef = 15467CF61B6D3D3D001AFEDE /* RICatalogueCollectionViewLayout.m */; };
		15467F401B7E1896001AFEDE /* libFlurry_6.7.0.a in Frameworks */ = {isa = PBXBuildFile; fileRef = 15467F3F1B7E1896001AFEDE /* libFlurry_6.7.0.a */; };
		15467F4C1B7E2F6B001AFEDE /* LUIDataFramework.framework in Frameworks */ = {isa = PBXBuildFile; fileRef = 15467F4B1B7E2F6B001AFEDE /* LUIDataFramework.framework */; };
		15467F4E1B7E3677001AFEDE /* LUIFramework.framework in Frameworks */ = {isa = PBXBuildFile; fileRef = 15467F4D1B7E3677001AFEDE /* LUIFramework.framework */; };
		15467F511B7E53C2001AFEDE /* CoreLocation.framework in Frameworks */ = {isa = PBXBuildFile; fileRef = 15467F4F1B7E53C2001AFEDE /* CoreLocation.framework */; };
		15467F521B7E53C2001AFEDE /* CoreTelephony.framework in Frameworks */ = {isa = PBXBuildFile; fileRef = 15467F501B7E53C2001AFEDE /* CoreTelephony.framework */; };
		15467F561B7E67B0001AFEDE /* RICatalogueObject.m in Sources */ = {isa = PBXBuildFile; fileRef = 15467F551B7E67B0001AFEDE /* RICatalogueObject.m */; };
		15467F581B7EB03E001AFEDE /* SystemConfiguration.framework in Frameworks */ = {isa = PBXBuildFile; fileRef = 15467F571B7EB03E001AFEDE /* SystemConfiguration.framework */; };
		1546803E1B84B132001AFEDE /* Fabric.framework in Frameworks */ = {isa = PBXBuildFile; fileRef = 1546803C1B84B132001AFEDE /* Fabric.framework */; };
		1546803F1B84B132001AFEDE /* Crashlytics.framework in Frameworks */ = {isa = PBXBuildFile; fileRef = 1546803D1B84B132001AFEDE /* Crashlytics.framework */; };
		6BFD280AA016116C1FC60066 /* libPods.a in Frameworks */ = {isa = PBXBuildFile; fileRef = BBCFB2659FFB425AF411EB57 /* libPods.a */; };
/* End PBXBuildFile section */

/* Begin PBXContainerItemProxy section */
		15467C021B6C91D0001AFEDE /* PBXContainerItemProxy */ = {
			isa = PBXContainerItemProxy;
			containerPortal = 15467BE01B6C91D0001AFEDE /* Project object */;
			proxyType = 1;
			remoteGlobalIDString = 15467BE71B6C91D0001AFEDE;
			remoteInfo = RefreshCatalogue;
		};
/* End PBXContainerItemProxy section */

/* Begin PBXFileReference section */
		1507EF341BA20C1E00D256C3 /* RICoreDataManager.h */ = {isa = PBXFileReference; fileEncoding = 4; lastKnownFileType = sourcecode.c.h; path = RICoreDataManager.h; sourceTree = "<group>"; };
		1507EF351BA20C1E00D256C3 /* RICoreDataManager.m */ = {isa = PBXFileReference; fileEncoding = 4; lastKnownFileType = sourcecode.c.objc; path = RICoreDataManager.m; sourceTree = "<group>"; };
		1507EF381BA20C7900D256C3 /* RefreshCatalogue.xcdatamodel */ = {isa = PBXFileReference; lastKnownFileType = wrapper.xcdatamodel; path = RefreshCatalogue.xcdatamodel; sourceTree = "<group>"; };
		1507EF3A1BA20C8B00D256C3 /* CoreData.framework */ = {isa = PBXFileReference; lastKnownFileType = wrapper.framework; name = CoreData.framework; path = System/Library/Frameworks/CoreData.framework; sourceTree = SDKROOT; };
		1507EF551BA2F34A00D256C3 /* RIGallery.h */ = {isa = PBXFileReference; fileEncoding = 4; lastKnownFileType = sourcecode.c.h; path = RIGallery.h; sourceTree = "<group>"; };
		1507EF561BA2F34A00D256C3 /* RIGallery.m */ = {isa = PBXFileReference; fileEncoding = 4; lastKnownFileType = sourcecode.c.objc; path = RIGallery.m; sourceTree = "<group>"; };
		1507EF581BA2F34B00D256C3 /* RIFile.h */ = {isa = PBXFileReference; fileEncoding = 4; lastKnownFileType = sourcecode.c.h; path = RIFile.h; sourceTree = "<group>"; };
		1507EF591BA2F34B00D256C3 /* RIFile.m */ = {isa = PBXFileReference; fileEncoding = 4; lastKnownFileType = sourcecode.c.objc; path = RIFile.m; sourceTree = "<group>"; };
		15467BE81B6C91D0001AFEDE /* RefreshCatalogue.app */ = {isa = PBXFileReference; explicitFileType = wrapper.application; includeInIndex = 0; path = RefreshCatalogue.app; sourceTree = BUILT_PRODUCTS_DIR; };
		15467BEC1B6C91D0001AFEDE /* Info.plist */ = {isa = PBXFileReference; lastKnownFileType = text.plist.xml; path = Info.plist; sourceTree = "<group>"; };
		15467BED1B6C91D0001AFEDE /* main.m */ = {isa = PBXFileReference; lastKnownFileType = sourcecode.c.objc; path = main.m; sourceTree = "<group>"; };
		15467BEF1B6C91D0001AFEDE /* RIAppDelegate.h */ = {isa = PBXFileReference; lastKnownFileType = sourcecode.c.h; path = RIAppDelegate.h; sourceTree = "<group>"; };
		15467BF01B6C91D0001AFEDE /* RIAppDelegate.m */ = {isa = PBXFileReference; lastKnownFileType = sourcecode.c.objc; path = RIAppDelegate.m; sourceTree = "<group>"; };
		15467BF21B6C91D0001AFEDE /* RICatalogueViewController.h */ = {isa = PBXFileReference; lastKnownFileType = sourcecode.c.h; path = RICatalogueViewController.h; sourceTree = "<group>"; };
		15467BF31B6C91D0001AFEDE /* RICatalogueViewController.m */ = {isa = PBXFileReference; lastKnownFileType = sourcecode.c.objc; path = RICatalogueViewController.m; sourceTree = "<group>"; };
		15467BF61B6C91D0001AFEDE /* Base */ = {isa = PBXFileReference; lastKnownFileType = file.storyboard; name = Base; path = Base.lproj/Main.storyboard; sourceTree = "<group>"; };
		15467BF81B6C91D0001AFEDE /* Images.xcassets */ = {isa = PBXFileReference; lastKnownFileType = folder.assetcatalog; path = Images.xcassets; sourceTree = "<group>"; };
		15467BFB1B6C91D0001AFEDE /* Base */ = {isa = PBXFileReference; lastKnownFileType = file.xib; name = Base; path = Base.lproj/LaunchScreen.xib; sourceTree = "<group>"; };
		15467C011B6C91D0001AFEDE /* RefreshCatalogueTests.xctest */ = {isa = PBXFileReference; explicitFileType = wrapper.cfbundle; includeInIndex = 0; path = RefreshCatalogueTests.xctest; sourceTree = BUILT_PRODUCTS_DIR; };
		15467C061B6C91D0001AFEDE /* Info.plist */ = {isa = PBXFileReference; lastKnownFileType = text.plist.xml; path = Info.plist; sourceTree = "<group>"; };
		15467C071B6C91D0001AFEDE /* RefreshCatalogueTests.m */ = {isa = PBXFileReference; lastKnownFileType = sourcecode.c.objc; path = RefreshCatalogueTests.m; sourceTree = "<group>"; };
		15467C151B6C929D001AFEDE /* RIViewController.h */ = {isa = PBXFileReference; fileEncoding = 4; lastKnownFileType = sourcecode.c.h; path = RIViewController.h; sourceTree = "<group>"; };
		15467C161B6C929D001AFEDE /* RIViewController.m */ = {isa = PBXFileReference; fileEncoding = 4; lastKnownFileType = sourcecode.c.objc; path = RIViewController.m; sourceTree = "<group>"; };
		15467C2D1B6C942C001AFEDE /* FAKFontAwesome.h */ = {isa = PBXFileReference; fileEncoding = 4; lastKnownFileType = sourcecode.c.h; path = FAKFontAwesome.h; sourceTree = "<group>"; };
		15467C2E1B6C942C001AFEDE /* FAKFontAwesome.m */ = {isa = PBXFileReference; fileEncoding = 4; lastKnownFileType = sourcecode.c.objc; path = FAKFontAwesome.m; sourceTree = "<group>"; };
		15467C2F1B6C942C001AFEDE /* FAKFoundationIcons.h */ = {isa = PBXFileReference; fileEncoding = 4; lastKnownFileType = sourcecode.c.h; path = FAKFoundationIcons.h; sourceTree = "<group>"; };
		15467C301B6C942C001AFEDE /* FAKFoundationIcons.m */ = {isa = PBXFileReference; fileEncoding = 4; lastKnownFileType = sourcecode.c.objc; path = FAKFoundationIcons.m; sourceTree = "<group>"; };
		15467C311B6C942C001AFEDE /* FAKIcon.h */ = {isa = PBXFileReference; fileEncoding = 4; lastKnownFileType = sourcecode.c.h; path = FAKIcon.h; sourceTree = "<group>"; };
		15467C321B6C942C001AFEDE /* FAKIcon.m */ = {isa = PBXFileReference; fileEncoding = 4; lastKnownFileType = sourcecode.c.objc; path = FAKIcon.m; sourceTree = "<group>"; };
		15467C331B6C942C001AFEDE /* FAKIonIcons.h */ = {isa = PBXFileReference; fileEncoding = 4; lastKnownFileType = sourcecode.c.h; path = FAKIonIcons.h; sourceTree = "<group>"; };
		15467C341B6C942C001AFEDE /* FAKIonIcons.m */ = {isa = PBXFileReference; fileEncoding = 4; lastKnownFileType = sourcecode.c.objc; path = FAKIonIcons.m; sourceTree = "<group>"; };
		15467C351B6C942C001AFEDE /* FAKZocial.h */ = {isa = PBXFileReference; fileEncoding = 4; lastKnownFileType = sourcecode.c.h; path = FAKZocial.h; sourceTree = "<group>"; };
		15467C361B6C942C001AFEDE /* FAKZocial.m */ = {isa = PBXFileReference; fileEncoding = 4; lastKnownFileType = sourcecode.c.objc; path = FAKZocial.m; sourceTree = "<group>"; };
		15467C371B6C942C001AFEDE /* FontAwesome.otf */ = {isa = PBXFileReference; lastKnownFileType = file; path = FontAwesome.otf; sourceTree = "<group>"; };
		15467C381B6C942C001AFEDE /* FontAwesomeKit.h */ = {isa = PBXFileReference; fileEncoding = 4; lastKnownFileType = sourcecode.c.h; path = FontAwesomeKit.h; sourceTree = "<group>"; };
		15467C391B6C942C001AFEDE /* foundation-icons.ttf */ = {isa = PBXFileReference; lastKnownFileType = file; path = "foundation-icons.ttf"; sourceTree = "<group>"; };
		15467C3A1B6C942C001AFEDE /* ionicons.ttf */ = {isa = PBXFileReference; lastKnownFileType = file; path = ionicons.ttf; sourceTree = "<group>"; };
		15467C3B1B6C942C001AFEDE /* zocial-regular-webfont.ttf */ = {isa = PBXFileReference; lastKnownFileType = file; path = "zocial-regular-webfont.ttf"; sourceTree = "<group>"; };
		15467CB71B6C9479001AFEDE /* RIMenuViewController.h */ = {isa = PBXFileReference; fileEncoding = 4; lastKnownFileType = sourcecode.c.h; path = RIMenuViewController.h; sourceTree = "<group>"; };
		15467CB81B6C9479001AFEDE /* RIMenuViewController.m */ = {isa = PBXFileReference; fileEncoding = 4; lastKnownFileType = sourcecode.c.objc; path = RIMenuViewController.m; sourceTree = "<group>"; };
		15467CBA1B6C955A001AFEDE /* RICollectionViewController.h */ = {isa = PBXFileReference; fileEncoding = 4; lastKnownFileType = sourcecode.c.h; path = RICollectionViewController.h; sourceTree = "<group>"; };
		15467CBB1B6C955A001AFEDE /* RICollectionViewController.m */ = {isa = PBXFileReference; fileEncoding = 4; lastKnownFileType = sourcecode.c.objc; path = RICollectionViewController.m; sourceTree = "<group>"; };
		15467CC01B6C9639001AFEDE /* SecondScreen.storyboard */ = {isa = PBXFileReference; fileEncoding = 4; lastKnownFileType = file.storyboard; path = SecondScreen.storyboard; sourceTree = "<group>"; };
		15467CC21B6C9666001AFEDE /* RISecondScreenViewController.h */ = {isa = PBXFileReference; fileEncoding = 4; lastKnownFileType = sourcecode.c.h; path = RISecondScreenViewController.h; sourceTree = "<group>"; };
		15467CC31B6C9666001AFEDE /* RISecondScreenViewController.m */ = {isa = PBXFileReference; fileEncoding = 4; lastKnownFileType = sourcecode.c.objc; path = RISecondScreenViewController.m; sourceTree = "<group>"; };
		15467CC61B6C96B7001AFEDE /* RIItemViewController.h */ = {isa = PBXFileReference; fileEncoding = 4; lastKnownFileType = sourcecode.c.h; path = RIItemViewController.h; sourceTree = "<group>"; };
		15467CC71B6C96B7001AFEDE /* RIItemViewController.m */ = {isa = PBXFileReference; fileEncoding = 4; lastKnownFileType = sourcecode.c.objc; path = RIItemViewController.m; sourceTree = "<group>"; };
		15467CCB1B6C9A0D001AFEDE /* SlideNavigationContorllerAnimator.h */ = {isa = PBXFileReference; fileEncoding = 4; lastKnownFileType = sourcecode.c.h; path = SlideNavigationContorllerAnimator.h; sourceTree = "<group>"; };
		15467CCC1B6C9A0D001AFEDE /* SlideNavigationContorllerAnimatorFade.h */ = {isa = PBXFileReference; fileEncoding = 4; lastKnownFileType = sourcecode.c.h; path = SlideNavigationContorllerAnimatorFade.h; sourceTree = "<group>"; };
		15467CCD1B6C9A0D001AFEDE /* SlideNavigationContorllerAnimatorFade.m */ = {isa = PBXFileReference; fileEncoding = 4; lastKnownFileType = sourcecode.c.objc; path = SlideNavigationContorllerAnimatorFade.m; sourceTree = "<group>"; };
		15467CCE1B6C9A0D001AFEDE /* SlideNavigationContorllerAnimatorScale.h */ = {isa = PBXFileReference; fileEncoding = 4; lastKnownFileType = sourcecode.c.h; path = SlideNavigationContorllerAnimatorScale.h; sourceTree = "<group>"; };
		15467CCF1B6C9A0D001AFEDE /* SlideNavigationContorllerAnimatorScale.m */ = {isa = PBXFileReference; fileEncoding = 4; lastKnownFileType = sourcecode.c.objc; path = SlideNavigationContorllerAnimatorScale.m; sourceTree = "<group>"; };
		15467CD01B6C9A0D001AFEDE /* SlideNavigationContorllerAnimatorScaleAndFade.h */ = {isa = PBXFileReference; fileEncoding = 4; lastKnownFileType = sourcecode.c.h; path = SlideNavigationContorllerAnimatorScaleAndFade.h; sourceTree = "<group>"; };
		15467CD11B6C9A0D001AFEDE /* SlideNavigationContorllerAnimatorScaleAndFade.m */ = {isa = PBXFileReference; fileEncoding = 4; lastKnownFileType = sourcecode.c.objc; path = SlideNavigationContorllerAnimatorScaleAndFade.m; sourceTree = "<group>"; };
		15467CD21B6C9A0D001AFEDE /* SlideNavigationContorllerAnimatorSlide.h */ = {isa = PBXFileReference; fileEncoding = 4; lastKnownFileType = sourcecode.c.h; path = SlideNavigationContorllerAnimatorSlide.h; sourceTree = "<group>"; };
		15467CD31B6C9A0D001AFEDE /* SlideNavigationContorllerAnimatorSlide.m */ = {isa = PBXFileReference; fileEncoding = 4; lastKnownFileType = sourcecode.c.objc; path = SlideNavigationContorllerAnimatorSlide.m; sourceTree = "<group>"; };
		15467CD41B6C9A0D001AFEDE /* SlideNavigationContorllerAnimatorSlideAndFade.h */ = {isa = PBXFileReference; fileEncoding = 4; lastKnownFileType = sourcecode.c.h; path = SlideNavigationContorllerAnimatorSlideAndFade.h; sourceTree = "<group>"; };
		15467CD51B6C9A0D001AFEDE /* SlideNavigationContorllerAnimatorSlideAndFade.m */ = {isa = PBXFileReference; fileEncoding = 4; lastKnownFileType = sourcecode.c.objc; path = SlideNavigationContorllerAnimatorSlideAndFade.m; sourceTree = "<group>"; };
		15467CD71B6C9A0D001AFEDE /* menu-button.png */ = {isa = PBXFileReference; lastKnownFileType = image.png; path = "menu-button.png"; sourceTree = "<group>"; };
		15467CD81B6C9A0D001AFEDE /* menu-button@2x.png */ = {isa = PBXFileReference; lastKnownFileType = image.png; path = "menu-button@2x.png"; sourceTree = "<group>"; };
		15467CD91B6C9A0D001AFEDE /* SlideNavigationController.h */ = {isa = PBXFileReference; fileEncoding = 4; lastKnownFileType = sourcecode.c.h; path = SlideNavigationController.h; sourceTree = "<group>"; };
		15467CDA1B6C9A0D001AFEDE /* SlideNavigationController.m */ = {isa = PBXFileReference; fileEncoding = 4; lastKnownFileType = sourcecode.c.objc; path = SlideNavigationController.m; sourceTree = "<group>"; };
		15467CE41B6C9B09001AFEDE /* RICollectionViewCell.h */ = {isa = PBXFileReference; fileEncoding = 4; lastKnownFileType = sourcecode.c.h; path = RICollectionViewCell.h; sourceTree = "<group>"; };
		15467CE51B6C9B09001AFEDE /* RICollectionViewCell.m */ = {isa = PBXFileReference; fileEncoding = 4; lastKnownFileType = sourcecode.c.objc; path = RICollectionViewCell.m; sourceTree = "<group>"; };
		15467CE91B6C9B35001AFEDE /* RICatalogueCollectionViewCell.h */ = {isa = PBXFileReference; fileEncoding = 4; lastKnownFileType = sourcecode.c.h; path = RICatalogueCollectionViewCell.h; sourceTree = "<group>"; };
		15467CEA1B6C9B35001AFEDE /* RICatalogueCollectionViewCell.m */ = {isa = PBXFileReference; fileEncoding = 4; lastKnownFileType = sourcecode.c.objc; path = RICatalogueCollectionViewCell.m; sourceTree = "<group>"; };
		15467CED1B6CDCFA001AFEDE /* UIColor+Tools.h */ = {isa = PBXFileReference; fileEncoding = 4; lastKnownFileType = sourcecode.c.h; path = "UIColor+Tools.h"; sourceTree = "<group>"; };
		15467CEE1B6CDCFA001AFEDE /* UIColor+Tools.m */ = {isa = PBXFileReference; fileEncoding = 4; lastKnownFileType = sourcecode.c.objc; path = "UIColor+Tools.m"; sourceTree = "<group>"; };
		15467CEF1B6CDCFA001AFEDE /* UIImage+Tools.h */ = {isa = PBXFileReference; fileEncoding = 4; lastKnownFileType = sourcecode.c.h; path = "UIImage+Tools.h"; sourceTree = "<group>"; };
		15467CF01B6CDCFA001AFEDE /* UIImage+Tools.m */ = {isa = PBXFileReference; fileEncoding = 4; lastKnownFileType = sourcecode.c.objc; path = "UIImage+Tools.m"; sourceTree = "<group>"; };
		15467CF51B6D3D3D001AFEDE /* RICatalogueCollectionViewLayout.h */ = {isa = PBXFileReference; fileEncoding = 4; lastKnownFileType = sourcecode.c.h; path = RICatalogueCollectionViewLayout.h; sourceTree = "<group>"; };
		15467CF61B6D3D3D001AFEDE /* RICatalogueCollectionViewLayout.m */ = {isa = PBXFileReference; fileEncoding = 4; lastKnownFileType = sourcecode.c.objc; path = RICatalogueCollectionViewLayout.m; sourceTree = "<group>"; };
		15467D621B6D792D001AFEDE /* PrefixHeader.pch */ = {isa = PBXFileReference; fileEncoding = 4; lastKnownFileType = sourcecode.c.h; path = PrefixHeader.pch; sourceTree = "<group>"; };
		15467F3D1B7E1896001AFEDE /* Flurry.h */ = {isa = PBXFileReference; fileEncoding = 4; lastKnownFileType = sourcecode.c.h; path = Flurry.h; sourceTree = "<group>"; };
		15467F3E1B7E1896001AFEDE /* FlurryWatch.h */ = {isa = PBXFileReference; fileEncoding = 4; lastKnownFileType = sourcecode.c.h; path = FlurryWatch.h; sourceTree = "<group>"; };
		15467F3F1B7E1896001AFEDE /* libFlurry_6.7.0.a */ = {isa = PBXFileReference; lastKnownFileType = archive.ar; path = libFlurry_6.7.0.a; sourceTree = "<group>"; };
		15467F4B1B7E2F6B001AFEDE /* LUIDataFramework.framework */ = {isa = PBXFileReference; lastKnownFileType = wrapper.framework; name = LUIDataFramework.framework; path = ../LUIFramework/_Release/iOS/LUIDataFramework/Latest/LUIDataFramework.framework; sourceTree = "<group>"; };
		15467F4D1B7E3677001AFEDE /* LUIFramework.framework */ = {isa = PBXFileReference; lastKnownFileType = wrapper.framework; name = LUIFramework.framework; path = ../LUIFramework/_Release/iOS/LUIFramework/Latest/LUIFramework.framework; sourceTree = "<group>"; };
		15467F4F1B7E53C2001AFEDE /* CoreLocation.framework */ = {isa = PBXFileReference; lastKnownFileType = wrapper.framework; name = CoreLocation.framework; path = System/Library/Frameworks/CoreLocation.framework; sourceTree = SDKROOT; };
		15467F501B7E53C2001AFEDE /* CoreTelephony.framework */ = {isa = PBXFileReference; lastKnownFileType = wrapper.framework; name = CoreTelephony.framework; path = System/Library/Frameworks/CoreTelephony.framework; sourceTree = SDKROOT; };
		15467F541B7E67B0001AFEDE /* RICatalogueObject.h */ = {isa = PBXFileReference; fileEncoding = 4; lastKnownFileType = sourcecode.c.h; path = RICatalogueObject.h; sourceTree = "<group>"; };
		15467F551B7E67B0001AFEDE /* RICatalogueObject.m */ = {isa = PBXFileReference; fileEncoding = 4; lastKnownFileType = sourcecode.c.objc; path = RICatalogueObject.m; sourceTree = "<group>"; };
		15467F571B7EB03E001AFEDE /* SystemConfiguration.framework */ = {isa = PBXFileReference; lastKnownFileType = wrapper.framework; name = SystemConfiguration.framework; path = System/Library/Frameworks/SystemConfiguration.framework; sourceTree = SDKROOT; };
		1546803C1B84B132001AFEDE /* Fabric.framework */ = {isa = PBXFileReference; lastKnownFileType = wrapper.framework; path = Fabric.framework; sourceTree = "<group>"; };
		1546803D1B84B132001AFEDE /* Crashlytics.framework */ = {isa = PBXFileReference; lastKnownFileType = wrapper.framework; path = Crashlytics.framework; sourceTree = "<group>"; };
		74CB5DECC6A4BC24A9566CA2 /* Pods.release.xcconfig */ = {isa = PBXFileReference; includeInIndex = 1; lastKnownFileType = text.xcconfig; name = Pods.release.xcconfig; path = "Pods/Target Support Files/Pods/Pods.release.xcconfig"; sourceTree = "<group>"; };
		9DC71B28AE53F6DB8384CA2C /* Pods.enterprise.xcconfig */ = {isa = PBXFileReference; includeInIndex = 1; lastKnownFileType = text.xcconfig; name = Pods.enterprise.xcconfig; path = "Pods/Target Support Files/Pods/Pods.enterprise.xcconfig"; sourceTree = "<group>"; };
		BBCFB2659FFB425AF411EB57 /* libPods.a */ = {isa = PBXFileReference; explicitFileType = archive.ar; includeInIndex = 0; path = libPods.a; sourceTree = BUILT_PRODUCTS_DIR; };
		E8D112FA3A05ED57F33E7038 /* Pods.debug.xcconfig */ = {isa = PBXFileReference; includeInIndex = 1; lastKnownFileType = text.xcconfig; name = Pods.debug.xcconfig; path = "Pods/Target Support Files/Pods/Pods.debug.xcconfig"; sourceTree = "<group>"; };
/* End PBXFileReference section */

/* Begin PBXFrameworksBuildPhase section */
		15467BE51B6C91D0001AFEDE /* Frameworks */ = {
			isa = PBXFrameworksBuildPhase;
			buildActionMask = 2147483647;
			files = (
				1507EF3B1BA20C8B00D256C3 /* CoreData.framework in Frameworks */,
				1546803E1B84B132001AFEDE /* Fabric.framework in Frameworks */,
				15467F581B7EB03E001AFEDE /* SystemConfiguration.framework in Frameworks */,
				1546803F1B84B132001AFEDE /* Crashlytics.framework in Frameworks */,
				15467F511B7E53C2001AFEDE /* CoreLocation.framework in Frameworks */,
				15467F521B7E53C2001AFEDE /* CoreTelephony.framework in Frameworks */,
				15467F4C1B7E2F6B001AFEDE /* LUIDataFramework.framework in Frameworks */,
				15467F4E1B7E3677001AFEDE /* LUIFramework.framework in Frameworks */,
				15467F401B7E1896001AFEDE /* libFlurry_6.7.0.a in Frameworks */,
				6BFD280AA016116C1FC60066 /* libPods.a in Frameworks */,
			);
			runOnlyForDeploymentPostprocessing = 0;
		};
		15467BFE1B6C91D0001AFEDE /* Frameworks */ = {
			isa = PBXFrameworksBuildPhase;
			buildActionMask = 2147483647;
			files = (
			);
			runOnlyForDeploymentPostprocessing = 0;
		};
/* End PBXFrameworksBuildPhase section */

/* Begin PBXGroup section */
		1507EF331BA20BFE00D256C3 /* Core Data */ = {
			isa = PBXGroup;
			children = (
				1507EF5B1BA2F36C00D256C3 /* Objects */,
				1507EF341BA20C1E00D256C3 /* RICoreDataManager.h */,
				1507EF351BA20C1E00D256C3 /* RICoreDataManager.m */,
			);
			name = "Core Data";
			sourceTree = "<group>";
		};
		1507EF5B1BA2F36C00D256C3 /* Objects */ = {
			isa = PBXGroup;
			children = (
				1507EF581BA2F34B00D256C3 /* RIFile.h */,
				1507EF591BA2F34B00D256C3 /* RIFile.m */,
				1507EF551BA2F34A00D256C3 /* RIGallery.h */,
				1507EF561BA2F34A00D256C3 /* RIGallery.m */,
			);
			name = Objects;
			sourceTree = "<group>";
		};
		15467BDF1B6C91D0001AFEDE = {
			isa = PBXGroup;
			children = (
				15467BEA1B6C91D0001AFEDE /* RefreshCatalogue */,
				15467BEB1B6C91D0001AFEDE /* Supporting Files */,
				15467C041B6C91D0001AFEDE /* RefreshCatalogueTests */,
				15467DC01B7AAEB4001AFEDE /* Frameworks */,
				15467BE91B6C91D0001AFEDE /* Products */,
				A35B3A91848975B3666AB424 /* Pods */,
			);
			sourceTree = "<group>";
		};
		15467BE91B6C91D0001AFEDE /* Products */ = {
			isa = PBXGroup;
			children = (
				15467BE81B6C91D0001AFEDE /* RefreshCatalogue.app */,
				15467C011B6C91D0001AFEDE /* RefreshCatalogueTests.xctest */,
			);
			name = Products;
			sourceTree = "<group>";
		};
		15467BEA1B6C91D0001AFEDE /* RefreshCatalogue */ = {
			isa = PBXGroup;
			children = (
				15467C1A1B6C942C001AFEDE /* Thirdparty */,
				15467CEC1B6CDCDF001AFEDE /* Categories */,
				15467C191B6C92B8001AFEDE /* Configuration */,
				15467F531B7E6745001AFEDE /* Data */,
				15467CF31B6D3CE6001AFEDE /* Libs */,
				15467CE31B6C9ADC001AFEDE /* Cells */,
				15467C121B6C922A001AFEDE /* Views */,
				15467C111B6C9221001AFEDE /* View controllers */,
				15467BEF1B6C91D0001AFEDE /* RIAppDelegate.h */,
				15467BF01B6C91D0001AFEDE /* RIAppDelegate.m */,
			);
			path = RefreshCatalogue;
			sourceTree = "<group>";
		};
		15467BEB1B6C91D0001AFEDE /* Supporting Files */ = {
			isa = PBXGroup;
			children = (
				1507EF371BA20C7900D256C3 /* RefreshCatalogue.xcdatamodeld */,
				15467BF51B6C91D0001AFEDE /* Main.storyboard */,
				15467CC01B6C9639001AFEDE /* SecondScreen.storyboard */,
				15467BF81B6C91D0001AFEDE /* Images.xcassets */,
				15467BFA1B6C91D0001AFEDE /* LaunchScreen.xib */,
				15467BEC1B6C91D0001AFEDE /* Info.plist */,
				15467BED1B6C91D0001AFEDE /* main.m */,
				15467D621B6D792D001AFEDE /* PrefixHeader.pch */,
			);
			name = "Supporting Files";
			path = RefreshCatalogue;
			sourceTree = "<group>";
		};
		15467C041B6C91D0001AFEDE /* RefreshCatalogueTests */ = {
			isa = PBXGroup;
			children = (
				15467C071B6C91D0001AFEDE /* RefreshCatalogueTests.m */,
				15467C051B6C91D0001AFEDE /* Supporting Files */,
			);
			path = RefreshCatalogueTests;
			sourceTree = "<group>";
		};
		15467C051B6C91D0001AFEDE /* Supporting Files */ = {
			isa = PBXGroup;
			children = (
				15467C061B6C91D0001AFEDE /* Info.plist */,
			);
			name = "Supporting Files";
			sourceTree = "<group>";
		};
		15467C111B6C9221001AFEDE /* View controllers */ = {
			isa = PBXGroup;
			children = (
				15467CBD1B6C95F5001AFEDE /* Second Screen */,
				15467CC51B6C9697001AFEDE /* Product */,
				15467C181B6C92AE001AFEDE /* Menu */,
				15467C131B6C9278001AFEDE /* Catalogue */,
				15467C141B6C9283001AFEDE /* Basic */,
			);
			name = "View controllers";
			sourceTree = "<group>";
		};
		15467C121B6C922A001AFEDE /* Views */ = {
			isa = PBXGroup;
			children = (
			);
			name = Views;
			sourceTree = "<group>";
		};
		15467C131B6C9278001AFEDE /* Catalogue */ = {
			isa = PBXGroup;
			children = (
				15467BF21B6C91D0001AFEDE /* RICatalogueViewController.h */,
				15467BF31B6C91D0001AFEDE /* RICatalogueViewController.m */,
			);
			name = Catalogue;
			sourceTree = "<group>";
		};
		15467C141B6C9283001AFEDE /* Basic */ = {
			isa = PBXGroup;
			children = (
				15467CBA1B6C955A001AFEDE /* RICollectionViewController.h */,
				15467CBB1B6C955A001AFEDE /* RICollectionViewController.m */,
				15467C151B6C929D001AFEDE /* RIViewController.h */,
				15467C161B6C929D001AFEDE /* RIViewController.m */,
			);
			name = Basic;
			sourceTree = "<group>";
		};
		15467C181B6C92AE001AFEDE /* Menu */ = {
			isa = PBXGroup;
			children = (
				15467CB71B6C9479001AFEDE /* RIMenuViewController.h */,
				15467CB81B6C9479001AFEDE /* RIMenuViewController.m */,
			);
			name = Menu;
			sourceTree = "<group>";
		};
		15467C191B6C92B8001AFEDE /* Configuration */ = {
			isa = PBXGroup;
			children = (
			);
			name = Configuration;
			sourceTree = "<group>";
		};
		15467C1A1B6C942C001AFEDE /* Thirdparty */ = {
			isa = PBXGroup;
			children = (
				15467F3C1B7E1896001AFEDE /* Flurry */,
				15467CC91B6C9A0D001AFEDE /* Source */,
				15467C2C1B6C942C001AFEDE /* FontAwesomeKit */,
			);
			path = Thirdparty;
			sourceTree = SOURCE_ROOT;
		};
		15467C2C1B6C942C001AFEDE /* FontAwesomeKit */ = {
			isa = PBXGroup;
			children = (
				15467C2D1B6C942C001AFEDE /* FAKFontAwesome.h */,
				15467C2E1B6C942C001AFEDE /* FAKFontAwesome.m */,
				15467C2F1B6C942C001AFEDE /* FAKFoundationIcons.h */,
				15467C301B6C942C001AFEDE /* FAKFoundationIcons.m */,
				15467C311B6C942C001AFEDE /* FAKIcon.h */,
				15467C321B6C942C001AFEDE /* FAKIcon.m */,
				15467C331B6C942C001AFEDE /* FAKIonIcons.h */,
				15467C341B6C942C001AFEDE /* FAKIonIcons.m */,
				15467C351B6C942C001AFEDE /* FAKZocial.h */,
				15467C361B6C942C001AFEDE /* FAKZocial.m */,
				15467C371B6C942C001AFEDE /* FontAwesome.otf */,
				15467C381B6C942C001AFEDE /* FontAwesomeKit.h */,
				15467C391B6C942C001AFEDE /* foundation-icons.ttf */,
				15467C3A1B6C942C001AFEDE /* ionicons.ttf */,
				15467C3B1B6C942C001AFEDE /* zocial-regular-webfont.ttf */,
			);
			name = FontAwesomeKit;
			path = FontAwesomeKit/FontAwesomeKit;
			sourceTree = "<group>";
		};
		15467CBD1B6C95F5001AFEDE /* Second Screen */ = {
			isa = PBXGroup;
			children = (
				15467CBE1B6C960F001AFEDE /* Home */,
			);
			name = "Second Screen";
			sourceTree = "<group>";
		};
		15467CBE1B6C960F001AFEDE /* Home */ = {
			isa = PBXGroup;
			children = (
				15467CC21B6C9666001AFEDE /* RISecondScreenViewController.h */,
				15467CC31B6C9666001AFEDE /* RISecondScreenViewController.m */,
			);
			name = Home;
			sourceTree = "<group>";
		};
		15467CC51B6C9697001AFEDE /* Product */ = {
			isa = PBXGroup;
			children = (
				15467CC61B6C96B7001AFEDE /* RIItemViewController.h */,
				15467CC71B6C96B7001AFEDE /* RIItemViewController.m */,
			);
			name = Product;
			sourceTree = "<group>";
		};
		15467CC91B6C9A0D001AFEDE /* Source */ = {
			isa = PBXGroup;
			children = (
				15467CCA1B6C9A0D001AFEDE /* Animations */,
				15467CD61B6C9A0D001AFEDE /* Assets */,
				15467CD91B6C9A0D001AFEDE /* SlideNavigationController.h */,
				15467CDA1B6C9A0D001AFEDE /* SlideNavigationController.m */,
			);
			name = Source;
			path = "iOS-Slide-Menu/SlideMenu/Source";
			sourceTree = "<group>";
		};
		15467CCA1B6C9A0D001AFEDE /* Animations */ = {
			isa = PBXGroup;
			children = (
				15467CCB1B6C9A0D001AFEDE /* SlideNavigationContorllerAnimator.h */,
				15467CCC1B6C9A0D001AFEDE /* SlideNavigationContorllerAnimatorFade.h */,
				15467CCD1B6C9A0D001AFEDE /* SlideNavigationContorllerAnimatorFade.m */,
				15467CCE1B6C9A0D001AFEDE /* SlideNavigationContorllerAnimatorScale.h */,
				15467CCF1B6C9A0D001AFEDE /* SlideNavigationContorllerAnimatorScale.m */,
				15467CD01B6C9A0D001AFEDE /* SlideNavigationContorllerAnimatorScaleAndFade.h */,
				15467CD11B6C9A0D001AFEDE /* SlideNavigationContorllerAnimatorScaleAndFade.m */,
				15467CD21B6C9A0D001AFEDE /* SlideNavigationContorllerAnimatorSlide.h */,
				15467CD31B6C9A0D001AFEDE /* SlideNavigationContorllerAnimatorSlide.m */,
				15467CD41B6C9A0D001AFEDE /* SlideNavigationContorllerAnimatorSlideAndFade.h */,
				15467CD51B6C9A0D001AFEDE /* SlideNavigationContorllerAnimatorSlideAndFade.m */,
			);
			path = Animations;
			sourceTree = "<group>";
		};
		15467CD61B6C9A0D001AFEDE /* Assets */ = {
			isa = PBXGroup;
			children = (
				15467CD71B6C9A0D001AFEDE /* menu-button.png */,
				15467CD81B6C9A0D001AFEDE /* menu-button@2x.png */,
			);
			path = Assets;
			sourceTree = "<group>";
		};
		15467CE31B6C9ADC001AFEDE /* Cells */ = {
			isa = PBXGroup;
			children = (
				15467CE81B6C9B17001AFEDE /* Catalogue */,
				15467CE71B6C9B0C001AFEDE /* Basic */,
			);
			name = Cells;
			sourceTree = "<group>";
		};
		15467CE71B6C9B0C001AFEDE /* Basic */ = {
			isa = PBXGroup;
			children = (
				15467CE41B6C9B09001AFEDE /* RICollectionViewCell.h */,
				15467CE51B6C9B09001AFEDE /* RICollectionViewCell.m */,
			);
			name = Basic;
			sourceTree = "<group>";
		};
		15467CE81B6C9B17001AFEDE /* Catalogue */ = {
			isa = PBXGroup;
			children = (
				15467CE91B6C9B35001AFEDE /* RICatalogueCollectionViewCell.h */,
				15467CEA1B6C9B35001AFEDE /* RICatalogueCollectionViewCell.m */,
			);
			name = Catalogue;
			sourceTree = "<group>";
		};
		15467CEC1B6CDCDF001AFEDE /* Categories */ = {
			isa = PBXGroup;
			children = (
				15467CED1B6CDCFA001AFEDE /* UIColor+Tools.h */,
				15467CEE1B6CDCFA001AFEDE /* UIColor+Tools.m */,
				15467CEF1B6CDCFA001AFEDE /* UIImage+Tools.h */,
				15467CF01B6CDCFA001AFEDE /* UIImage+Tools.m */,
			);
			name = Categories;
			sourceTree = "<group>";
		};
		15467CF31B6D3CE6001AFEDE /* Libs */ = {
			isa = PBXGroup;
			children = (
				1507EF331BA20BFE00D256C3 /* Core Data */,
				15467CF41B6D3CEF001AFEDE /* Float layouts */,
			);
			name = Libs;
			sourceTree = "<group>";
		};
		15467CF41B6D3CEF001AFEDE /* Float layouts */ = {
			isa = PBXGroup;
			children = (
				15467CF51B6D3D3D001AFEDE /* RICatalogueCollectionViewLayout.h */,
				15467CF61B6D3D3D001AFEDE /* RICatalogueCollectionViewLayout.m */,
			);
			name = "Float layouts";
			sourceTree = "<group>";
		};
		15467DC01B7AAEB4001AFEDE /* Frameworks */ = {
			isa = PBXGroup;
			children = (
				1507EF3A1BA20C8B00D256C3 /* CoreData.framework */,
				1546803C1B84B132001AFEDE /* Fabric.framework */,
				1546803D1B84B132001AFEDE /* Crashlytics.framework */,
				15467F571B7EB03E001AFEDE /* SystemConfiguration.framework */,
				15467F4F1B7E53C2001AFEDE /* CoreLocation.framework */,
				15467F501B7E53C2001AFEDE /* CoreTelephony.framework */,
				15467F4D1B7E3677001AFEDE /* LUIFramework.framework */,
				15467F4B1B7E2F6B001AFEDE /* LUIDataFramework.framework */,
				BBCFB2659FFB425AF411EB57 /* libPods.a */,
			);
			name = Frameworks;
			sourceTree = "<group>";
		};
		15467F3C1B7E1896001AFEDE /* Flurry */ = {
			isa = PBXGroup;
			children = (
				15467F3D1B7E1896001AFEDE /* Flurry.h */,
				15467F3E1B7E1896001AFEDE /* FlurryWatch.h */,
				15467F3F1B7E1896001AFEDE /* libFlurry_6.7.0.a */,
			);
			path = Flurry;
			sourceTree = "<group>";
		};
		15467F531B7E6745001AFEDE /* Data */ = {
			isa = PBXGroup;
			children = (
				15467F541B7E67B0001AFEDE /* RICatalogueObject.h */,
				15467F551B7E67B0001AFEDE /* RICatalogueObject.m */,
			);
			name = Data;
			sourceTree = "<group>";
		};
		A35B3A91848975B3666AB424 /* Pods */ = {
			isa = PBXGroup;
			children = (
				E8D112FA3A05ED57F33E7038 /* Pods.debug.xcconfig */,
				74CB5DECC6A4BC24A9566CA2 /* Pods.release.xcconfig */,
				9DC71B28AE53F6DB8384CA2C /* Pods.enterprise.xcconfig */,
			);
			name = Pods;
			sourceTree = "<group>";
		};
/* End PBXGroup section */

/* Begin PBXNativeTarget section */
		15467BE71B6C91D0001AFEDE /* RefreshCatalogue */ = {
			isa = PBXNativeTarget;
			buildConfigurationList = 15467C0B1B6C91D0001AFEDE /* Build configuration list for PBXNativeTarget "RefreshCatalogue" */;
			buildPhases = (
				7E1A68218DB0DF5D8A1C3C92 /* Check Pods Manifest.lock */,
				15467BE41B6C91D0001AFEDE /* Sources */,
				15467BE51B6C91D0001AFEDE /* Frameworks */,
				15467BE61B6C91D0001AFEDE /* Resources */,
				1546803B1B84B110001AFEDE /* Fabric */,
				A0D0E03ADCB782CEADFA59DA /* Copy Pods Resources */,
			);
			buildRules = (
			);
			dependencies = (
			);
			name = RefreshCatalogue;
			productName = RefreshCatalogue;
			productReference = 15467BE81B6C91D0001AFEDE /* RefreshCatalogue.app */;
			productType = "com.apple.product-type.application";
		};
		15467C001B6C91D0001AFEDE /* RefreshCatalogueTests */ = {
			isa = PBXNativeTarget;
			buildConfigurationList = 15467C0E1B6C91D0001AFEDE /* Build configuration list for PBXNativeTarget "RefreshCatalogueTests" */;
			buildPhases = (
				15467BFD1B6C91D0001AFEDE /* Sources */,
				15467BFE1B6C91D0001AFEDE /* Frameworks */,
				15467BFF1B6C91D0001AFEDE /* Resources */,
			);
			buildRules = (
			);
			dependencies = (
				15467C031B6C91D0001AFEDE /* PBXTargetDependency */,
			);
			name = RefreshCatalogueTests;
			productName = RefreshCatalogueTests;
			productReference = 15467C011B6C91D0001AFEDE /* RefreshCatalogueTests.xctest */;
			productType = "com.apple.product-type.bundle.unit-test";
		};
/* End PBXNativeTarget section */

/* Begin PBXProject section */
		15467BE01B6C91D0001AFEDE /* Project object */ = {
			isa = PBXProject;
			attributes = {
				CLASSPREFIX = RI;
				LastUpgradeCheck = 0640;
				ORGANIZATIONNAME = "Ridiculous Innovations";
				TargetAttributes = {
					15467BE71B6C91D0001AFEDE = {
						CreatedOnToolsVersion = 6.4;
						DevelopmentTeam = BZCFE4ZBF8;
					};
					15467C001B6C91D0001AFEDE = {
						CreatedOnToolsVersion = 6.4;
						TestTargetID = 15467BE71B6C91D0001AFEDE;
					};
				};
			};
			buildConfigurationList = 15467BE31B6C91D0001AFEDE /* Build configuration list for PBXProject "RefreshCatalogue" */;
			compatibilityVersion = "Xcode 3.2";
			developmentRegion = English;
			hasScannedForEncodings = 0;
			knownRegions = (
				en,
				Base,
			);
			mainGroup = 15467BDF1B6C91D0001AFEDE;
			productRefGroup = 15467BE91B6C91D0001AFEDE /* Products */;
			projectDirPath = "";
			projectRoot = "";
			targets = (
				15467BE71B6C91D0001AFEDE /* RefreshCatalogue */,
				15467C001B6C91D0001AFEDE /* RefreshCatalogueTests */,
			);
		};
/* End PBXProject section */

/* Begin PBXResourcesBuildPhase section */
		15467BE61B6C91D0001AFEDE /* Resources */ = {
			isa = PBXResourcesBuildPhase;
			buildActionMask = 2147483647;
			files = (
				15467C8C1B6C942C001AFEDE /* zocial-regular-webfont.ttf in Resources */,
				15467BF71B6C91D0001AFEDE /* Main.storyboard in Resources */,
				15467CC11B6C9639001AFEDE /* SecondScreen.storyboard in Resources */,
				15467CE11B6C9A0D001AFEDE /* menu-button@2x.png in Resources */,
				15467C8A1B6C942C001AFEDE /* foundation-icons.ttf in Resources */,
				15467BFC1B6C91D0001AFEDE /* LaunchScreen.xib in Resources */,
				15467CE01B6C9A0D001AFEDE /* menu-button.png in Resources */,
				15467C8B1B6C942C001AFEDE /* ionicons.ttf in Resources */,
				15467C891B6C942C001AFEDE /* FontAwesome.otf in Resources */,
				15467BF91B6C91D0001AFEDE /* Images.xcassets in Resources */,
			);
			runOnlyForDeploymentPostprocessing = 0;
		};
		15467BFF1B6C91D0001AFEDE /* Resources */ = {
			isa = PBXResourcesBuildPhase;
			buildActionMask = 2147483647;
			files = (
			);
			runOnlyForDeploymentPostprocessing = 0;
		};
/* End PBXResourcesBuildPhase section */

/* Begin PBXShellScriptBuildPhase section */
		1546803B1B84B110001AFEDE /* Fabric */ = {
			isa = PBXShellScriptBuildPhase;
			buildActionMask = 2147483647;
			files = (
			);
			inputPaths = (
			);
			name = Fabric;
			outputPaths = (
			);
			runOnlyForDeploymentPostprocessing = 0;
			shellPath = /bin/sh;
			shellScript = "./Fabric.framework/run fdad57f5fd93d14410334446675bff03d3a3f996 718bb4804b7397ffca9550527a28d9dd77a37ec037e726d45a8078b310c8e7f4";
		};
		7E1A68218DB0DF5D8A1C3C92 /* Check Pods Manifest.lock */ = {
			isa = PBXShellScriptBuildPhase;
			buildActionMask = 2147483647;
			files = (
			);
			inputPaths = (
			);
			name = "Check Pods Manifest.lock";
			outputPaths = (
			);
			runOnlyForDeploymentPostprocessing = 0;
			shellPath = /bin/sh;
			shellScript = "diff \"${PODS_ROOT}/../Podfile.lock\" \"${PODS_ROOT}/Manifest.lock\" > /dev/null\nif [[ $? != 0 ]] ; then\n    cat << EOM\nerror: The sandbox is not in sync with the Podfile.lock. Run 'pod install' or update your CocoaPods installation.\nEOM\n    exit 1\nfi\n";
			showEnvVarsInLog = 0;
		};
		A0D0E03ADCB782CEADFA59DA /* Copy Pods Resources */ = {
			isa = PBXShellScriptBuildPhase;
			buildActionMask = 2147483647;
			files = (
			);
			inputPaths = (
			);
			name = "Copy Pods Resources";
			outputPaths = (
			);
			runOnlyForDeploymentPostprocessing = 0;
			shellPath = /bin/sh;
			shellScript = "\"${SRCROOT}/Pods/Target Support Files/Pods/Pods-resources.sh\"\n";
			showEnvVarsInLog = 0;
		};
/* End PBXShellScriptBuildPhase section */

/* Begin PBXSourcesBuildPhase section */
		15467BE41B6C91D0001AFEDE /* Sources */ = {
			isa = PBXSourcesBuildPhase;
			buildActionMask = 2147483647;
			files = (
				15467CBC1B6C955A001AFEDE /* RICollectionViewController.m in Sources */,
				15467CEB1B6C9B35001AFEDE /* RICatalogueCollectionViewCell.m in Sources */,
				15467CE21B6C9A0D001AFEDE /* SlideNavigationController.m in Sources */,
				15467CF71B6D3D3D001AFEDE /* RICatalogueCollectionViewLayout.m in Sources */,
				15467BF41B6C91D0001AFEDE /* RICatalogueViewController.m in Sources */,
				15467CDF1B6C9A0D001AFEDE /* SlideNavigationContorllerAnimatorSlideAndFade.m in Sources */,
				15467C851B6C942C001AFEDE /* FAKFoundationIcons.m in Sources */,
				15467BF11B6C91D0001AFEDE /* RIAppDelegate.m in Sources */,
				15467CC81B6C96B7001AFEDE /* RIItemViewController.m in Sources */,
				15467CE61B6C9B09001AFEDE /* RICollectionViewCell.m in Sources */,
				15467CDD1B6C9A0D001AFEDE /* SlideNavigationContorllerAnimatorScaleAndFade.m in Sources */,
				15467F561B7E67B0001AFEDE /* RICatalogueObject.m in Sources */,
				15467BEE1B6C91D0001AFEDE /* main.m in Sources */,
				15467C171B6C929D001AFEDE /* RIViewController.m in Sources */,
				15467C841B6C942C001AFEDE /* FAKFontAwesome.m in Sources */,
				15467CF11B6CDCFA001AFEDE /* UIColor+Tools.m in Sources */,
				15467CDB1B6C9A0D001AFEDE /* SlideNavigationContorllerAnimatorFade.m in Sources */,
				15467CC41B6C9666001AFEDE /* RISecondScreenViewController.m in Sources */,
				15467CDC1B6C9A0D001AFEDE /* SlideNavigationContorllerAnimatorScale.m in Sources */,
				15467C861B6C942C001AFEDE /* FAKIcon.m in Sources */,
				1507EF391BA20C7900D256C3 /* RefreshCatalogue.xcdatamodeld in Sources */,
				15467CF21B6CDCFA001AFEDE /* UIImage+Tools.m in Sources */,
				15467CDE1B6C9A0D001AFEDE /* SlideNavigationContorllerAnimatorSlide.m in Sources */,
				15467C881B6C942C001AFEDE /* FAKZocial.m in Sources */,
				15467CB91B6C9479001AFEDE /* RIMenuViewController.m in Sources */,
				15467C871B6C942C001AFEDE /* FAKIonIcons.m in Sources */,
			);
			runOnlyForDeploymentPostprocessing = 0;
		};
		15467BFD1B6C91D0001AFEDE /* Sources */ = {
			isa = PBXSourcesBuildPhase;
			buildActionMask = 2147483647;
			files = (
				15467C081B6C91D0001AFEDE /* RefreshCatalogueTests.m in Sources */,
			);
			runOnlyForDeploymentPostprocessing = 0;
		};
/* End PBXSourcesBuildPhase section */

/* Begin PBXTargetDependency section */
		15467C031B6C91D0001AFEDE /* PBXTargetDependency */ = {
			isa = PBXTargetDependency;
			target = 15467BE71B6C91D0001AFEDE /* RefreshCatalogue */;
			targetProxy = 15467C021B6C91D0001AFEDE /* PBXContainerItemProxy */;
		};
/* End PBXTargetDependency section */

/* Begin PBXVariantGroup section */
		15467BF51B6C91D0001AFEDE /* Main.storyboard */ = {
			isa = PBXVariantGroup;
			children = (
				15467BF61B6C91D0001AFEDE /* Base */,
			);
			name = Main.storyboard;
			sourceTree = "<group>";
		};
		15467BFA1B6C91D0001AFEDE /* LaunchScreen.xib */ = {
			isa = PBXVariantGroup;
			children = (
				15467BFB1B6C91D0001AFEDE /* Base */,
			);
			name = LaunchScreen.xib;
			sourceTree = "<group>";
		};
/* End PBXVariantGroup section */

/* Begin XCBuildConfiguration section */
		15467C091B6C91D0001AFEDE /* Debug */ = {
			isa = XCBuildConfiguration;
			buildSettings = {
				ALWAYS_SEARCH_USER_PATHS = NO;
				CLANG_CXX_LANGUAGE_STANDARD = "gnu++0x";
				CLANG_CXX_LIBRARY = "libc++";
				CLANG_ENABLE_MODULES = YES;
				CLANG_ENABLE_OBJC_ARC = YES;
				CLANG_WARN_BOOL_CONVERSION = YES;
				CLANG_WARN_CONSTANT_CONVERSION = YES;
				CLANG_WARN_DIRECT_OBJC_ISA_USAGE = YES_ERROR;
				CLANG_WARN_EMPTY_BODY = YES;
				CLANG_WARN_ENUM_CONVERSION = YES;
				CLANG_WARN_INT_CONVERSION = YES;
				CLANG_WARN_OBJC_ROOT_CLASS = YES_ERROR;
				CLANG_WARN_UNREACHABLE_CODE = YES;
				CLANG_WARN__DUPLICATE_METHOD_MATCH = YES;
				"CODE_SIGN_IDENTITY[sdk=iphoneos*]" = "iPhone Developer";
				COPY_PHASE_STRIP = NO;
				DEBUG_INFORMATION_FORMAT = "dwarf-with-dsym";
				ENABLE_STRICT_OBJC_MSGSEND = YES;
				GCC_C_LANGUAGE_STANDARD = gnu99;
				GCC_DYNAMIC_NO_PIC = NO;
				GCC_NO_COMMON_BLOCKS = YES;
				GCC_OPTIMIZATION_LEVEL = 0;
				GCC_PREPROCESSOR_DEFINITIONS = (
					"DEBUG=1",
					"$(inherited)",
				);
				GCC_SYMBOLS_PRIVATE_EXTERN = NO;
				GCC_WARN_64_TO_32_BIT_CONVERSION = YES;
				GCC_WARN_ABOUT_RETURN_TYPE = YES_ERROR;
				GCC_WARN_UNDECLARED_SELECTOR = YES;
				GCC_WARN_UNINITIALIZED_AUTOS = YES_AGGRESSIVE;
				GCC_WARN_UNUSED_FUNCTION = YES;
				GCC_WARN_UNUSED_VARIABLE = YES;
				IPHONEOS_DEPLOYMENT_TARGET = 8.4;
				MTL_ENABLE_DEBUG_INFO = YES;
				ONLY_ACTIVE_ARCH = YES;
				SDKROOT = iphoneos;
				TARGETED_DEVICE_FAMILY = "1,2";
			};
			name = Debug;
		};
		15467C0A1B6C91D0001AFEDE /* Release */ = {
			isa = XCBuildConfiguration;
			buildSettings = {
				ALWAYS_SEARCH_USER_PATHS = NO;
				CLANG_CXX_LANGUAGE_STANDARD = "gnu++0x";
				CLANG_CXX_LIBRARY = "libc++";
				CLANG_ENABLE_MODULES = YES;
				CLANG_ENABLE_OBJC_ARC = YES;
				CLANG_WARN_BOOL_CONVERSION = YES;
				CLANG_WARN_CONSTANT_CONVERSION = YES;
				CLANG_WARN_DIRECT_OBJC_ISA_USAGE = YES_ERROR;
				CLANG_WARN_EMPTY_BODY = YES;
				CLANG_WARN_ENUM_CONVERSION = YES;
				CLANG_WARN_INT_CONVERSION = YES;
				CLANG_WARN_OBJC_ROOT_CLASS = YES_ERROR;
				CLANG_WARN_UNREACHABLE_CODE = YES;
				CLANG_WARN__DUPLICATE_METHOD_MATCH = YES;
				"CODE_SIGN_IDENTITY[sdk=iphoneos*]" = "iPhone Developer";
				COPY_PHASE_STRIP = NO;
				DEBUG_INFORMATION_FORMAT = "dwarf-with-dsym";
				ENABLE_NS_ASSERTIONS = NO;
				ENABLE_STRICT_OBJC_MSGSEND = YES;
				GCC_C_LANGUAGE_STANDARD = gnu99;
				GCC_NO_COMMON_BLOCKS = YES;
				GCC_WARN_64_TO_32_BIT_CONVERSION = YES;
				GCC_WARN_ABOUT_RETURN_TYPE = YES_ERROR;
				GCC_WARN_UNDECLARED_SELECTOR = YES;
				GCC_WARN_UNINITIALIZED_AUTOS = YES_AGGRESSIVE;
				GCC_WARN_UNUSED_FUNCTION = YES;
				GCC_WARN_UNUSED_VARIABLE = YES;
				IPHONEOS_DEPLOYMENT_TARGET = 8.4;
				MTL_ENABLE_DEBUG_INFO = NO;
				SDKROOT = iphoneos;
				TARGETED_DEVICE_FAMILY = "1,2";
				VALIDATE_PRODUCT = YES;
			};
			name = Release;
		};
		15467C0C1B6C91D0001AFEDE /* Debug */ = {
			isa = XCBuildConfiguration;
			baseConfigurationReference = E8D112FA3A05ED57F33E7038 /* Pods.debug.xcconfig */;
			buildSettings = {
				ASSETCATALOG_COMPILER_APPICON_NAME = AppIcon;
				CODE_SIGN_IDENTITY = "iPhone Developer";
				FRAMEWORK_SEARCH_PATHS = (
					"$(inherited)",
					/Projects/iOS/LUIFramework/_Release/iOS/LUIDataFramework/Latest,
					/Projects/iOS/LUIFramework/_Release/iOS/LUIFramework/Latest,
					"$(PROJECT_DIR)",
				);
				GCC_PRECOMPILE_PREFIX_HEADER = YES;
				GCC_PREFIX_HEADER = RefreshCatalogue/PrefixHeader.pch;
				INFOPLIST_FILE = RefreshCatalogue/Info.plist;
				IPHONEOS_DEPLOYMENT_TARGET = 8.4;
				LD_RUNPATH_SEARCH_PATHS = "$(inherited) @executable_path/Frameworks";
				LIBRARY_SEARCH_PATHS = (
					"$(inherited)",
					"$(PROJECT_DIR)/Thirdparty/Flurry",
				);
				PRODUCT_NAME = "$(TARGET_NAME)";
				TARGETED_DEVICE_FAMILY = "1,2";
			};
			name = Debug;
		};
		15467C0D1B6C91D0001AFEDE /* Release */ = {
			isa = XCBuildConfiguration;
			baseConfigurationReference = 74CB5DECC6A4BC24A9566CA2 /* Pods.release.xcconfig */;
			buildSettings = {
				ASSETCATALOG_COMPILER_APPICON_NAME = AppIcon;
				CODE_SIGN_IDENTITY = "iPhone Developer";
				FRAMEWORK_SEARCH_PATHS = (
					"$(inherited)",
					/Projects/iOS/LUIFramework/_Release/iOS/LUIDataFramework/Latest,
					/Projects/iOS/LUIFramework/_Release/iOS/LUIFramework/Latest,
					"$(PROJECT_DIR)",
				);
				GCC_PRECOMPILE_PREFIX_HEADER = YES;
				GCC_PREFIX_HEADER = RefreshCatalogue/PrefixHeader.pch;
				INFOPLIST_FILE = RefreshCatalogue/Info.plist;
				IPHONEOS_DEPLOYMENT_TARGET = 8.4;
				LD_RUNPATH_SEARCH_PATHS = "$(inherited) @executable_path/Frameworks";
				LIBRARY_SEARCH_PATHS = (
					"$(inherited)",
					"$(PROJECT_DIR)/Thirdparty/Flurry",
				);
				PRODUCT_NAME = "$(TARGET_NAME)";
				TARGETED_DEVICE_FAMILY = "1,2";
			};
			name = Release;
		};
		15467C0F1B6C91D0001AFEDE /* Debug */ = {
			isa = XCBuildConfiguration;
			buildSettings = {
				BUNDLE_LOADER = "$(TEST_HOST)";
				FRAMEWORK_SEARCH_PATHS = (
					"$(SDKROOT)/Developer/Library/Frameworks",
					"$(inherited)",
				);
				GCC_PREPROCESSOR_DEFINITIONS = (
					"DEBUG=1",
					"$(inherited)",
				);
				INFOPLIST_FILE = RefreshCatalogueTests/Info.plist;
				LD_RUNPATH_SEARCH_PATHS = "$(inherited) @executable_path/Frameworks @loader_path/Frameworks";
				PRODUCT_NAME = "$(TARGET_NAME)";
				TEST_HOST = "$(BUILT_PRODUCTS_DIR)/RefreshCatalogue.app/RefreshCatalogue";
			};
			name = Debug;
		};
		15467C101B6C91D0001AFEDE /* Release */ = {
			isa = XCBuildConfiguration;
			buildSettings = {
				BUNDLE_LOADER = "$(TEST_HOST)";
				FRAMEWORK_SEARCH_PATHS = (
					"$(SDKROOT)/Developer/Library/Frameworks",
					"$(inherited)",
				);
				INFOPLIST_FILE = RefreshCatalogueTests/Info.plist;
				LD_RUNPATH_SEARCH_PATHS = "$(inherited) @executable_path/Frameworks @loader_path/Frameworks";
				PRODUCT_NAME = "$(TARGET_NAME)";
				TEST_HOST = "$(BUILT_PRODUCTS_DIR)/RefreshCatalogue.app/RefreshCatalogue";
			};
			name = Release;
		};
		15467D671B6D8E4F001AFEDE /* Enterprise */ = {
			isa = XCBuildConfiguration;
			buildSettings = {
				ALWAYS_SEARCH_USER_PATHS = NO;
				CLANG_CXX_LANGUAGE_STANDARD = "gnu++0x";
				CLANG_CXX_LIBRARY = "libc++";
				CLANG_ENABLE_MODULES = YES;
				CLANG_ENABLE_OBJC_ARC = YES;
				CLANG_WARN_BOOL_CONVERSION = YES;
				CLANG_WARN_CONSTANT_CONVERSION = YES;
				CLANG_WARN_DIRECT_OBJC_ISA_USAGE = YES_ERROR;
				CLANG_WARN_EMPTY_BODY = YES;
				CLANG_WARN_ENUM_CONVERSION = YES;
				CLANG_WARN_INT_CONVERSION = YES;
				CLANG_WARN_OBJC_ROOT_CLASS = YES_ERROR;
				CLANG_WARN_UNREACHABLE_CODE = YES;
				CLANG_WARN__DUPLICATE_METHOD_MATCH = YES;
				"CODE_SIGN_IDENTITY[sdk=iphoneos*]" = "iPhone Developer";
				COPY_PHASE_STRIP = NO;
				DEBUG_INFORMATION_FORMAT = "dwarf-with-dsym";
				ENABLE_NS_ASSERTIONS = NO;
				ENABLE_STRICT_OBJC_MSGSEND = YES;
				GCC_C_LANGUAGE_STANDARD = gnu99;
				GCC_NO_COMMON_BLOCKS = YES;
				GCC_WARN_64_TO_32_BIT_CONVERSION = YES;
				GCC_WARN_ABOUT_RETURN_TYPE = YES_ERROR;
				GCC_WARN_UNDECLARED_SELECTOR = YES;
				GCC_WARN_UNINITIALIZED_AUTOS = YES_AGGRESSIVE;
				GCC_WARN_UNUSED_FUNCTION = YES;
				GCC_WARN_UNUSED_VARIABLE = YES;
				IPHONEOS_DEPLOYMENT_TARGET = 8.4;
				MTL_ENABLE_DEBUG_INFO = NO;
				SDKROOT = iphoneos;
				TARGETED_DEVICE_FAMILY = "1,2";
				VALIDATE_PRODUCT = YES;
			};
			name = Enterprise;
		};
		15467D681B6D8E4F001AFEDE /* Enterprise */ = {
			isa = XCBuildConfiguration;
			baseConfigurationReference = 9DC71B28AE53F6DB8384CA2C /* Pods.enterprise.xcconfig */;
			buildSettings = {
				ASSETCATALOG_COMPILER_APPICON_NAME = AppIcon;
				CODE_SIGN_IDENTITY = "iPhone Developer";
				FRAMEWORK_SEARCH_PATHS = (
					"$(inherited)",
					/Projects/iOS/LUIFramework/_Release/iOS/LUIDataFramework/Latest,
					/Projects/iOS/LUIFramework/_Release/iOS/LUIFramework/Latest,
					"$(PROJECT_DIR)",
				);
				GCC_PRECOMPILE_PREFIX_HEADER = YES;
				GCC_PREFIX_HEADER = RefreshCatalogue/PrefixHeader.pch;
				INFOPLIST_FILE = RefreshCatalogue/Info.plist;
				IPHONEOS_DEPLOYMENT_TARGET = 8.4;
				LD_RUNPATH_SEARCH_PATHS = "$(inherited) @executable_path/Frameworks";
				LIBRARY_SEARCH_PATHS = (
					"$(inherited)",
					"$(PROJECT_DIR)/Thirdparty/Flurry",
				);
				PRODUCT_NAME = "$(TARGET_NAME)";
				PROVISIONING_PROFILE = "1ced7a40-bfd4-40d8-8158-17d01012d0d9";
				TARGETED_DEVICE_FAMILY = "1,2";
			};
			name = Enterprise;
		};
		15467D691B6D8E4F001AFEDE /* Enterprise */ = {
			isa = XCBuildConfiguration;
			buildSettings = {
				BUNDLE_LOADER = "$(TEST_HOST)";
				FRAMEWORK_SEARCH_PATHS = (
					"$(SDKROOT)/Developer/Library/Frameworks",
					"$(inherited)",
				);
				INFOPLIST_FILE = RefreshCatalogueTests/Info.plist;
				LD_RUNPATH_SEARCH_PATHS = "$(inherited) @executable_path/Frameworks @loader_path/Frameworks";
				PRODUCT_NAME = "$(TARGET_NAME)";
				TEST_HOST = "$(BUILT_PRODUCTS_DIR)/RefreshCatalogue.app/RefreshCatalogue";
			};
			name = Enterprise;
		};
/* End XCBuildConfiguration section */

/* Begin XCConfigurationList section */
		15467BE31B6C91D0001AFEDE /* Build configuration list for PBXProject "RefreshCatalogue" */ = {
			isa = XCConfigurationList;
			buildConfigurations = (
				15467C091B6C91D0001AFEDE /* Debug */,
				15467C0A1B6C91D0001AFEDE /* Release */,
				15467D671B6D8E4F001AFEDE /* Enterprise */,
			);
			defaultConfigurationIsVisible = 0;
			defaultConfigurationName = Release;
		};
		15467C0B1B6C91D0001AFEDE /* Build configuration list for PBXNativeTarget "RefreshCatalogue" */ = {
			isa = XCConfigurationList;
			buildConfigurations = (
				15467C0C1B6C91D0001AFEDE /* Debug */,
				15467C0D1B6C91D0001AFEDE /* Release */,
				15467D681B6D8E4F001AFEDE /* Enterprise */,
			);
			defaultConfigurationIsVisible = 0;
			defaultConfigurationName = Release;
		};
		15467C0E1B6C91D0001AFEDE /* Build configuration list for PBXNativeTarget "RefreshCatalogueTests" */ = {
			isa = XCConfigurationList;
			buildConfigurations = (
				15467C0F1B6C91D0001AFEDE /* Debug */,
				15467C101B6C91D0001AFEDE /* Release */,
				15467D691B6D8E4F001AFEDE /* Enterprise */,
			);
			defaultConfigurationIsVisible = 0;
			defaultConfigurationName = Release;
		};
/* End XCConfigurationList section */

/* Begin XCVersionGroup section */
		1507EF371BA20C7900D256C3 /* RefreshCatalogue.xcdatamodeld */ = {
			isa = XCVersionGroup;
			children = (
				1507EF381BA20C7900D256C3 /* RefreshCatalogue.xcdatamodel */,
			);
			currentVersion = 1507EF381BA20C7900D256C3 /* RefreshCatalogue.xcdatamodel */;
			path = RefreshCatalogue.xcdatamodeld;
			sourceTree = "<group>";
			versionGroupType = wrapper.xcdatamodel;
		};
/* End XCVersionGroup section */
	};
	rootObject = 15467BE01B6C91D0001AFEDE /* Project object */;
}
