// !$*UTF8*$!
{
	archiveVersion = 1;
	classes = {
	};
	objectVersion = 46;
	objects = {

/* Begin PBXBuildFile section */
		15467BEE1B6C91D0001AFEDE /* main.m in Sources */ = {isa = PBXBuildFile; fileRef = 15467BED1B6C91D0001AFEDE /* main.m */; };
		15467BF11B6C91D0001AFEDE /* RIAppDelegate.m in Sources */ = {isa = PBXBuildFile; fileRef = 15467BF01B6C91D0001AFEDE /* RIAppDelegate.m */; };
		15467BF41B6C91D0001AFEDE /* RIHomeViewController.m in Sources */ = {isa = PBXBuildFile; fileRef = 15467BF31B6C91D0001AFEDE /* RIHomeViewController.m */; };
		15467BF71B6C91D0001AFEDE /* Main.storyboard in Resources */ = {isa = PBXBuildFile; fileRef = 15467BF51B6C91D0001AFEDE /* Main.storyboard */; };
		15467BF91B6C91D0001AFEDE /* Images.xcassets in Resources */ = {isa = PBXBuildFile; fileRef = 15467BF81B6C91D0001AFEDE /* Images.xcassets */; };
		15467BFC1B6C91D0001AFEDE /* LaunchScreen.xib in Resources */ = {isa = PBXBuildFile; fileRef = 15467BFA1B6C91D0001AFEDE /* LaunchScreen.xib */; };
		15467C081B6C91D0001AFEDE /* RefreshCatalogueTests.m in Sources */ = {isa = PBXBuildFile; fileRef = 15467C071B6C91D0001AFEDE /* RefreshCatalogueTests.m */; };
		15467C171B6C929D001AFEDE /* RIViewController.m in Sources */ = {isa = PBXBuildFile; fileRef = 15467C161B6C929D001AFEDE /* RIViewController.m */; };
/* End PBXBuildFile section */

/* Begin PBXContainerItemProxy section */
		15467C021B6C91D0001AFEDE /* PBXContainerItemProxy */ = {
			isa = PBXContainerItemProxy;
			containerPortal = 15467BE01B6C91D0001AFEDE /* Project object */;
			proxyType = 1;
			remoteGlobalIDString = 15467BE71B6C91D0001AFEDE;
			remoteInfo = RefreshCatalogue;
		};
/* End PBXContainerItemProxy section */

/* Begin PBXFileReference section */
		15467BE81B6C91D0001AFEDE /* RefreshCatalogue.app */ = {isa = PBXFileReference; explicitFileType = wrapper.application; includeInIndex = 0; path = RefreshCatalogue.app; sourceTree = BUILT_PRODUCTS_DIR; };
		15467BEC1B6C91D0001AFEDE /* Info.plist */ = {isa = PBXFileReference; lastKnownFileType = text.plist.xml; path = Info.plist; sourceTree = "<group>"; };
		15467BED1B6C91D0001AFEDE /* main.m */ = {isa = PBXFileReference; lastKnownFileType = sourcecode.c.objc; path = main.m; sourceTree = "<group>"; };
		15467BEF1B6C91D0001AFEDE /* RIAppDelegate.h */ = {isa = PBXFileReference; lastKnownFileType = sourcecode.c.h; path = RIAppDelegate.h; sourceTree = "<group>"; };
		15467BF01B6C91D0001AFEDE /* RIAppDelegate.m */ = {isa = PBXFileReference; lastKnownFileType = sourcecode.c.objc; path = RIAppDelegate.m; sourceTree = "<group>"; };
		15467BF21B6C91D0001AFEDE /* RIHomeViewController.h */ = {isa = PBXFileReference; lastKnownFileType = sourcecode.c.h; path = RIHomeViewController.h; sourceTree = "<group>"; };
		15467BF31B6C91D0001AFEDE /* RIHomeViewController.m */ = {isa = PBXFileReference; lastKnownFileType = sourcecode.c.objc; path = RIHomeViewController.m; sourceTree = "<group>"; };
		15467BF61B6C91D0001AFEDE /* Base */ = {isa = PBXFileReference; lastKnownFileType = file.storyboard; name = Base; path = Base.lproj/Main.storyboard; sourceTree = "<group>"; };
		15467BF81B6C91D0001AFEDE /* Images.xcassets */ = {isa = PBXFileReference; lastKnownFileType = folder.assetcatalog; path = Images.xcassets; sourceTree = "<group>"; };
		15467BFB1B6C91D0001AFEDE /* Base */ = {isa = PBXFileReference; lastKnownFileType = file.xib; name = Base; path = Base.lproj/LaunchScreen.xib; sourceTree = "<group>"; };
		15467C011B6C91D0001AFEDE /* RefreshCatalogueTests.xctest */ = {isa = PBXFileReference; explicitFileType = wrapper.cfbundle; includeInIndex = 0; path = RefreshCatalogueTests.xctest; sourceTree = BUILT_PRODUCTS_DIR; };
		15467C061B6C91D0001AFEDE /* Info.plist */ = {isa = PBXFileReference; lastKnownFileType = text.plist.xml; path = Info.plist; sourceTree = "<group>"; };
		15467C071B6C91D0001AFEDE /* RefreshCatalogueTests.m */ = {isa = PBXFileReference; lastKnownFileType = sourcecode.c.objc; path = RefreshCatalogueTests.m; sourceTree = "<group>"; };
		15467C151B6C929D001AFEDE /* RIViewController.h */ = {isa = PBXFileReference; fileEncoding = 4; lastKnownFileType = sourcecode.c.h; path = RIViewController.h; sourceTree = "<group>"; };
		15467C161B6C929D001AFEDE /* RIViewController.m */ = {isa = PBXFileReference; fileEncoding = 4; lastKnownFileType = sourcecode.c.objc; path = RIViewController.m; sourceTree = "<group>"; };
/* End PBXFileReference section */

/* Begin PBXFrameworksBuildPhase section */
		15467BE51B6C91D0001AFEDE /* Frameworks */ = {
			isa = PBXFrameworksBuildPhase;
			buildActionMask = 2147483647;
			files = (
			);
			runOnlyForDeploymentPostprocessing = 0;
		};
		15467BFE1B6C91D0001AFEDE /* Frameworks */ = {
			isa = PBXFrameworksBuildPhase;
			buildActionMask = 2147483647;
			files = (
			);
			runOnlyForDeploymentPostprocessing = 0;
		};
/* End PBXFrameworksBuildPhase section */

/* Begin PBXGroup section */
		15467BDF1B6C91D0001AFEDE = {
			isa = PBXGroup;
			children = (
				15467BEA1B6C91D0001AFEDE /* RefreshCatalogue */,
				15467BEB1B6C91D0001AFEDE /* Supporting Files */,
				15467C041B6C91D0001AFEDE /* RefreshCatalogueTests */,
				15467BE91B6C91D0001AFEDE /* Products */,
			);
			sourceTree = "<group>";
		};
		15467BE91B6C91D0001AFEDE /* Products */ = {
			isa = PBXGroup;
			children = (
				15467BE81B6C91D0001AFEDE /* RefreshCatalogue.app */,
				15467C011B6C91D0001AFEDE /* RefreshCatalogueTests.xctest */,
			);
			name = Products;
			sourceTree = "<group>";
		};
		15467BEA1B6C91D0001AFEDE /* RefreshCatalogue */ = {
			isa = PBXGroup;
			children = (
				15467C191B6C92B8001AFEDE /* Configuration */,
				15467C121B6C922A001AFEDE /* Views */,
				15467C111B6C9221001AFEDE /* View controllers */,
				15467BEF1B6C91D0001AFEDE /* RIAppDelegate.h */,
				15467BF01B6C91D0001AFEDE /* RIAppDelegate.m */,
			);
			path = RefreshCatalogue;
			sourceTree = "<group>";
		};
		15467BEB1B6C91D0001AFEDE /* Supporting Files */ = {
			isa = PBXGroup;
			children = (
				15467BF51B6C91D0001AFEDE /* Main.storyboard */,
				15467BF81B6C91D0001AFEDE /* Images.xcassets */,
				15467BFA1B6C91D0001AFEDE /* LaunchScreen.xib */,
				15467BEC1B6C91D0001AFEDE /* Info.plist */,
				15467BED1B6C91D0001AFEDE /* main.m */,
			);
			name = "Supporting Files";
			path = RefreshCatalogue;
			sourceTree = "<group>";
		};
		15467C041B6C91D0001AFEDE /* RefreshCatalogueTests */ = {
			isa = PBXGroup;
			children = (
				15467C071B6C91D0001AFEDE /* RefreshCatalogueTests.m */,
				15467C051B6C91D0001AFEDE /* Supporting Files */,
			);
			path = RefreshCatalogueTests;
			sourceTree = "<group>";
		};
		15467C051B6C91D0001AFEDE /* Supporting Files */ = {
			isa = PBXGroup;
			children = (
				15467C061B6C91D0001AFEDE /* Info.plist */,
			);
			name = "Supporting Files";
			sourceTree = "<group>";
		};
		15467C111B6C9221001AFEDE /* View controllers */ = {
			isa = PBXGroup;
			children = (
				15467C181B6C92AE001AFEDE /* Menu */,
				15467C131B6C9278001AFEDE /* Home */,
				15467C141B6C9283001AFEDE /* Basic */,
			);
			name = "View controllers";
			sourceTree = "<group>";
		};
		15467C121B6C922A001AFEDE /* Views */ = {
			isa = PBXGroup;
			children = (
			);
			name = Views;
			sourceTree = "<group>";
		};
		15467C131B6C9278001AFEDE /* Home */ = {
			isa = PBXGroup;
			children = (
				15467BF21B6C91D0001AFEDE /* RIHomeViewController.h */,
				15467BF31B6C91D0001AFEDE /* RIHomeViewController.m */,
			);
			name = Home;
			sourceTree = "<group>";
		};
		15467C141B6C9283001AFEDE /* Basic */ = {
			isa = PBXGroup;
			children = (
				15467C151B6C929D001AFEDE /* RIViewController.h */,
				15467C161B6C929D001AFEDE /* RIViewController.m */,
			);
			name = Basic;
			sourceTree = "<group>";
		};
		15467C181B6C92AE001AFEDE /* Menu */ = {
			isa = PBXGroup;
			children = (
			);
			name = Menu;
			sourceTree = "<group>";
		};
		15467C191B6C92B8001AFEDE /* Configuration */ = {
			isa = PBXGroup;
			children = (
			);
			name = Configuration;
			sourceTree = "<group>";
		};
/* End PBXGroup section */

/* Begin PBXNativeTarget section */
		15467BE71B6C91D0001AFEDE /* RefreshCatalogue */ = {
			isa = PBXNativeTarget;
			buildConfigurationList = 15467C0B1B6C91D0001AFEDE /* Build configuration list for PBXNativeTarget "RefreshCatalogue" */;
			buildPhases = (
				15467BE41B6C91D0001AFEDE /* Sources */,
				15467BE51B6C91D0001AFEDE /* Frameworks */,
				15467BE61B6C91D0001AFEDE /* Resources */,
			);
			buildRules = (
			);
			dependencies = (
			);
			name = RefreshCatalogue;
			productName = RefreshCatalogue;
			productReference = 15467BE81B6C91D0001AFEDE /* RefreshCatalogue.app */;
			productType = "com.apple.product-type.application";
		};
		15467C001B6C91D0001AFEDE /* RefreshCatalogueTests */ = {
			isa = PBXNativeTarget;
			buildConfigurationList = 15467C0E1B6C91D0001AFEDE /* Build configuration list for PBXNativeTarget "RefreshCatalogueTests" */;
			buildPhases = (
				15467BFD1B6C91D0001AFEDE /* Sources */,
				15467BFE1B6C91D0001AFEDE /* Frameworks */,
				15467BFF1B6C91D0001AFEDE /* Resources */,
			);
			buildRules = (
			);
			dependencies = (
				15467C031B6C91D0001AFEDE /* PBXTargetDependency */,
			);
			name = RefreshCatalogueTests;
			productName = RefreshCatalogueTests;
			productReference = 15467C011B6C91D0001AFEDE /* RefreshCatalogueTests.xctest */;
			productType = "com.apple.product-type.bundle.unit-test";
		};
/* End PBXNativeTarget section */

/* Begin PBXProject section */
		15467BE01B6C91D0001AFEDE /* Project object */ = {
			isa = PBXProject;
			attributes = {
				LastUpgradeCheck = 0640;
				ORGANIZATIONNAME = "Ridiculous Innovations";
				TargetAttributes = {
					15467BE71B6C91D0001AFEDE = {
						CreatedOnToolsVersion = 6.4;
					};
					15467C001B6C91D0001AFEDE = {
						CreatedOnToolsVersion = 6.4;
						TestTargetID = 15467BE71B6C91D0001AFEDE;
					};
				};
			};
			buildConfigurationList = 15467BE31B6C91D0001AFEDE /* Build configuration list for PBXProject "RefreshCatalogue" */;
			compatibilityVersion = "Xcode 3.2";
			developmentRegion = English;
			hasScannedForEncodings = 0;
			knownRegions = (
				en,
				Base,
			);
			mainGroup = 15467BDF1B6C91D0001AFEDE;
			productRefGroup = 15467BE91B6C91D0001AFEDE /* Products */;
			projectDirPath = "";
			projectRoot = "";
			targets = (
				15467BE71B6C91D0001AFEDE /* RefreshCatalogue */,
				15467C001B6C91D0001AFEDE /* RefreshCatalogueTests */,
			);
		};
/* End PBXProject section */

/* Begin PBXResourcesBuildPhase section */
		15467BE61B6C91D0001AFEDE /* Resources */ = {
			isa = PBXResourcesBuildPhase;
			buildActionMask = 2147483647;
			files = (
				15467BF71B6C91D0001AFEDE /* Main.storyboard in Resources */,
				15467BFC1B6C91D0001AFEDE /* LaunchScreen.xib in Resources */,
				15467BF91B6C91D0001AFEDE /* Images.xcassets in Resources */,
			);
			runOnlyForDeploymentPostprocessing = 0;
		};
		15467BFF1B6C91D0001AFEDE /* Resources */ = {
			isa = PBXResourcesBuildPhase;
			buildActionMask = 2147483647;
			files = (
			);
			runOnlyForDeploymentPostprocessing = 0;
		};
/* End PBXResourcesBuildPhase section */

/* Begin PBXSourcesBuildPhase section */
		15467BE41B6C91D0001AFEDE /* Sources */ = {
			isa = PBXSourcesBuildPhase;
			buildActionMask = 2147483647;
			files = (
				15467BF41B6C91D0001AFEDE /* RIHomeViewController.m in Sources */,
				15467BF11B6C91D0001AFEDE /* RIAppDelegate.m in Sources */,
				15467BEE1B6C91D0001AFEDE /* main.m in Sources */,
				15467C171B6C929D001AFEDE /* RIViewController.m in Sources */,
			);
			runOnlyForDeploymentPostprocessing = 0;
		};
		15467BFD1B6C91D0001AFEDE /* Sources */ = {
			isa = PBXSourcesBuildPhase;
			buildActionMask = 2147483647;
			files = (
				15467C081B6C91D0001AFEDE /* RefreshCatalogueTests.m in Sources */,
			);
			runOnlyForDeploymentPostprocessing = 0;
		};
/* End PBXSourcesBuildPhase section */

/* Begin PBXTargetDependency section */
		15467C031B6C91D0001AFEDE /* PBXTargetDependency */ = {
			isa = PBXTargetDependency;
			target = 15467BE71B6C91D0001AFEDE /* RefreshCatalogue */;
			targetProxy = 15467C021B6C91D0001AFEDE /* PBXContainerItemProxy */;
		};
/* End PBXTargetDependency section */

/* Begin PBXVariantGroup section */
		15467BF51B6C91D0001AFEDE /* Main.storyboard */ = {
			isa = PBXVariantGroup;
			children = (
				15467BF61B6C91D0001AFEDE /* Base */,
			);
			name = Main.storyboard;
			sourceTree = "<group>";
		};
		15467BFA1B6C91D0001AFEDE /* LaunchScreen.xib */ = {
			isa = PBXVariantGroup;
			children = (
				15467BFB1B6C91D0001AFEDE /* Base */,
			);
			name = LaunchScreen.xib;
			sourceTree = "<group>";
		};
/* End PBXVariantGroup section */

/* Begin XCBuildConfiguration section */
		15467C091B6C91D0001AFEDE /* Debug */ = {
			isa = XCBuildConfiguration;
			buildSettings = {
				ALWAYS_SEARCH_USER_PATHS = NO;
				CLANG_CXX_LANGUAGE_STANDARD = "gnu++0x";
				CLANG_CXX_LIBRARY = "libc++";
				CLANG_ENABLE_MODULES = YES;
				CLANG_ENABLE_OBJC_ARC = YES;
				CLANG_WARN_BOOL_CONVERSION = YES;
				CLANG_WARN_CONSTANT_CONVERSION = YES;
				CLANG_WARN_DIRECT_OBJC_ISA_USAGE = YES_ERROR;
				CLANG_WARN_EMPTY_BODY = YES;
				CLANG_WARN_ENUM_CONVERSION = YES;
				CLANG_WARN_INT_CONVERSION = YES;
				CLANG_WARN_OBJC_ROOT_CLASS = YES_ERROR;
				CLANG_WARN_UNREACHABLE_CODE = YES;
				CLANG_WARN__DUPLICATE_METHOD_MATCH = YES;
				"CODE_SIGN_IDENTITY[sdk=iphoneos*]" = "iPhone Developer";
				COPY_PHASE_STRIP = NO;
				DEBUG_INFORMATION_FORMAT = "dwarf-with-dsym";
				ENABLE_STRICT_OBJC_MSGSEND = YES;
				GCC_C_LANGUAGE_STANDARD = gnu99;
				GCC_DYNAMIC_NO_PIC = NO;
				GCC_NO_COMMON_BLOCKS = YES;
				GCC_OPTIMIZATION_LEVEL = 0;
				GCC_PREPROCESSOR_DEFINITIONS = (
					"DEBUG=1",
					"$(inherited)",
				);
				GCC_SYMBOLS_PRIVATE_EXTERN = NO;
				GCC_WARN_64_TO_32_BIT_CONVERSION = YES;
				GCC_WARN_ABOUT_RETURN_TYPE = YES_ERROR;
				GCC_WARN_UNDECLARED_SELECTOR = YES;
				GCC_WARN_UNINITIALIZED_AUTOS = YES_AGGRESSIVE;
				GCC_WARN_UNUSED_FUNCTION = YES;
				GCC_WARN_UNUSED_VARIABLE = YES;
				IPHONEOS_DEPLOYMENT_TARGET = 8.4;
				MTL_ENABLE_DEBUG_INFO = YES;
				ONLY_ACTIVE_ARCH = YES;
				SDKROOT = iphoneos;
				TARGETED_DEVICE_FAMILY = "1,2";
			};
			name = Debug;
		};
		15467C0A1B6C91D0001AFEDE /* Release */ = {
			isa = XCBuildConfiguration;
			buildSettings = {
				ALWAYS_SEARCH_USER_PATHS = NO;
				CLANG_CXX_LANGUAGE_STANDARD = "gnu++0x";
				CLANG_CXX_LIBRARY = "libc++";
				CLANG_ENABLE_MODULES = YES;
				CLANG_ENABLE_OBJC_ARC = YES;
				CLANG_WARN_BOOL_CONVERSION = YES;
				CLANG_WARN_CONSTANT_CONVERSION = YES;
				CLANG_WARN_DIRECT_OBJC_ISA_USAGE = YES_ERROR;
				CLANG_WARN_EMPTY_BODY = YES;
				CLANG_WARN_ENUM_CONVERSION = YES;
				CLANG_WARN_INT_CONVERSION = YES;
				CLANG_WARN_OBJC_ROOT_CLASS = YES_ERROR;
				CLANG_WARN_UNREACHABLE_CODE = YES;
				CLANG_WARN__DUPLICATE_METHOD_MATCH = YES;
				"CODE_SIGN_IDENTITY[sdk=iphoneos*]" = "iPhone Developer";
				COPY_PHASE_STRIP = NO;
				DEBUG_INFORMATION_FORMAT = "dwarf-with-dsym";
				ENABLE_NS_ASSERTIONS = NO;
				ENABLE_STRICT_OBJC_MSGSEND = YES;
				GCC_C_LANGUAGE_STANDARD = gnu99;
				GCC_NO_COMMON_BLOCKS = YES;
				GCC_WARN_64_TO_32_BIT_CONVERSION = YES;
				GCC_WARN_ABOUT_RETURN_TYPE = YES_ERROR;
				GCC_WARN_UNDECLARED_SELECTOR = YES;
				GCC_WARN_UNINITIALIZED_AUTOS = YES_AGGRESSIVE;
				GCC_WARN_UNUSED_FUNCTION = YES;
				GCC_WARN_UNUSED_VARIABLE = YES;
				IPHONEOS_DEPLOYMENT_TARGET = 8.4;
				MTL_ENABLE_DEBUG_INFO = NO;
				SDKROOT = iphoneos;
				TARGETED_DEVICE_FAMILY = "1,2";
				VALIDATE_PRODUCT = YES;
			};
			name = Release;
		};
		15467C0C1B6C91D0001AFEDE /* Debug */ = {
			isa = XCBuildConfiguration;
			buildSettings = {
				ASSETCATALOG_COMPILER_APPICON_NAME = AppIcon;
				INFOPLIST_FILE = RefreshCatalogue/Info.plist;
				LD_RUNPATH_SEARCH_PATHS = "$(inherited) @executable_path/Frameworks";
				PRODUCT_NAME = "$(TARGET_NAME)";
			};
			name = Debug;
		};
		15467C0D1B6C91D0001AFEDE /* Release */ = {
			isa = XCBuildConfiguration;
			buildSettings = {
				ASSETCATALOG_COMPILER_APPICON_NAME = AppIcon;
				INFOPLIST_FILE = RefreshCatalogue/Info.plist;
				LD_RUNPATH_SEARCH_PATHS = "$(inherited) @executable_path/Frameworks";
				PRODUCT_NAME = "$(TARGET_NAME)";
			};
			name = Release;
		};
		15467C0F1B6C91D0001AFEDE /* Debug */ = {
			isa = XCBuildConfiguration;
			buildSettings = {
				BUNDLE_LOADER = "$(TEST_HOST)";
				FRAMEWORK_SEARCH_PATHS = (
					"$(SDKROOT)/Developer/Library/Frameworks",
					"$(inherited)",
				);
				GCC_PREPROCESSOR_DEFINITIONS = (
					"DEBUG=1",
					"$(inherited)",
				);
				INFOPLIST_FILE = RefreshCatalogueTests/Info.plist;
				LD_RUNPATH_SEARCH_PATHS = "$(inherited) @executable_path/Frameworks @loader_path/Frameworks";
				PRODUCT_NAME = "$(TARGET_NAME)";
				TEST_HOST = "$(BUILT_PRODUCTS_DIR)/RefreshCatalogue.app/RefreshCatalogue";
			};
			name = Debug;
		};
		15467C101B6C91D0001AFEDE /* Release */ = {
			isa = XCBuildConfiguration;
			buildSettings = {
				BUNDLE_LOADER = "$(TEST_HOST)";
				FRAMEWORK_SEARCH_PATHS = (
					"$(SDKROOT)/Developer/Library/Frameworks",
					"$(inherited)",
				);
				INFOPLIST_FILE = RefreshCatalogueTests/Info.plist;
				LD_RUNPATH_SEARCH_PATHS = "$(inherited) @executable_path/Frameworks @loader_path/Frameworks";
				PRODUCT_NAME = "$(TARGET_NAME)";
				TEST_HOST = "$(BUILT_PRODUCTS_DIR)/RefreshCatalogue.app/RefreshCatalogue";
			};
			name = Release;
		};
/* End XCBuildConfiguration section */

/* Begin XCConfigurationList section */
		15467BE31B6C91D0001AFEDE /* Build configuration list for PBXProject "RefreshCatalogue" */ = {
			isa = XCConfigurationList;
			buildConfigurations = (
				15467C091B6C91D0001AFEDE /* Debug */,
				15467C0A1B6C91D0001AFEDE /* Release */,
			);
			defaultConfigurationIsVisible = 0;
			defaultConfigurationName = Release;
		};
		15467C0B1B6C91D0001AFEDE /* Build configuration list for PBXNativeTarget "RefreshCatalogue" */ = {
			isa = XCConfigurationList;
			buildConfigurations = (
				15467C0C1B6C91D0001AFEDE /* Debug */,
				15467C0D1B6C91D0001AFEDE /* Release */,
			);
			defaultConfigurationIsVisible = 0;
			defaultConfigurationName = Release;
		};
		15467C0E1B6C91D0001AFEDE /* Build configuration list for PBXNativeTarget "RefreshCatalogueTests" */ = {
			isa = XCConfigurationList;
			buildConfigurations = (
				15467C0F1B6C91D0001AFEDE /* Debug */,
				15467C101B6C91D0001AFEDE /* Release */,
			);
			defaultConfigurationIsVisible = 0;
			defaultConfigurationName = Release;
		};
/* End XCConfigurationList section */
	};
	rootObject = 15467BE01B6C91D0001AFEDE /* Project object */;
}
